// !$*UTF8*$!
{
	archiveVersion = 1;
	classes = {
	};
	objectVersion = 56;
	objects = {

/* Begin PBXBuildFile section */
		BB04B3E9296DE2BD000BEC02 /* IAPHTTPSHelper.swift in Sources */ = {isa = PBXBuildFile; fileRef = BB04B3E8296DE2BD000BEC02 /* IAPHTTPSHelper.swift */; };
		BB04B3EB296DE8FF000BEC02 /* IAPManager.swift in Sources */ = {isa = PBXBuildFile; fileRef = BB04B3EA296DE8FF000BEC02 /* IAPManager.swift */; };
		BB04B3ED296E2E7B000BEC02 /* giftGif.gif in Resources */ = {isa = PBXBuildFile; fileRef = BB04B3EC296E2E7B000BEC02 /* giftGif.gif */; };
		BB04B3EE296E2E7B000BEC02 /* giftGif.gif in Resources */ = {isa = PBXBuildFile; fileRef = BB04B3EC296E2E7B000BEC02 /* giftGif.gif */; };
		BB04B3EF296E2E7B000BEC02 /* giftGif.gif in Resources */ = {isa = PBXBuildFile; fileRef = BB04B3EC296E2E7B000BEC02 /* giftGif.gif */; };
		BB04B3F1296E2EAE000BEC02 /* SettingsTableViewController.swift in Sources */ = {isa = PBXBuildFile; fileRef = BB04B3F0296E2EAE000BEC02 /* SettingsTableViewController.swift */; };
		BB04B3F5296E2FC4000BEC02 /* UIImage+GIF.swift in Sources */ = {isa = PBXBuildFile; fileRef = BB04B3F4296E2FC4000BEC02 /* UIImage+GIF.swift */; };
		BB04B3F6296E2FC4000BEC02 /* UIImage+GIF.swift in Sources */ = {isa = PBXBuildFile; fileRef = BB04B3F4296E2FC4000BEC02 /* UIImage+GIF.swift */; };
		BB04B3F7296E2FC4000BEC02 /* UIImage+GIF.swift in Sources */ = {isa = PBXBuildFile; fileRef = BB04B3F4296E2FC4000BEC02 /* UIImage+GIF.swift */; };
		BB04B3F9296E38E1000BEC02 /* Ultra Image.jpg in Resources */ = {isa = PBXBuildFile; fileRef = BB04B3F8296E38E0000BEC02 /* Ultra Image.jpg */; };
		BB04B3FA296E38E1000BEC02 /* Ultra Image.jpg in Resources */ = {isa = PBXBuildFile; fileRef = BB04B3F8296E38E0000BEC02 /* Ultra Image.jpg */; };
		BB04B3FB296E38E1000BEC02 /* Ultra Image.jpg in Resources */ = {isa = PBXBuildFile; fileRef = BB04B3F8296E38E0000BEC02 /* Ultra Image.jpg */; };
		BB04B401296E548F000BEC02 /* loadingDots.gif in Resources */ = {isa = PBXBuildFile; fileRef = BB04B400296E548E000BEC02 /* loadingDots.gif */; };
		BB04B402296E548F000BEC02 /* loadingDots.gif in Resources */ = {isa = PBXBuildFile; fileRef = BB04B400296E548E000BEC02 /* loadingDots.gif */; };
		BB04B403296E548F000BEC02 /* loadingDots.gif in Resources */ = {isa = PBXBuildFile; fileRef = BB04B400296E548E000BEC02 /* loadingDots.gif */; };
		BB089B082978A3F3003B8AAF /* Private.swift in Sources */ = {isa = PBXBuildFile; fileRef = BB089B072978A3F3003B8AAF /* Private.swift */; };
		BB0A8C09296CDB760035F046 /* RoundedView.swift in Sources */ = {isa = PBXBuildFile; fileRef = BB0A8C08296CDB760035F046 /* RoundedView.swift */; };
		BB0A8C0D296CE70E0035F046 /* ShadowView.swift in Sources */ = {isa = PBXBuildFile; fileRef = BB0A8C0C296CE70E0035F046 /* ShadowView.swift */; };
		BB0A8C0F296D05FA0035F046 /* UltraPurchaseViewController.swift in Sources */ = {isa = PBXBuildFile; fileRef = BB0A8C0E296D05FA0035F046 /* UltraPurchaseViewController.swift */; };
		BB0A8C11296D063D0035F046 /* RoundedButton.swift in Sources */ = {isa = PBXBuildFile; fileRef = BB0A8C10296D063D0035F046 /* RoundedButton.swift */; };
		BB0DBAA8296AA4FE00D2DFB9 /* AppDelegate.swift in Sources */ = {isa = PBXBuildFile; fileRef = BB0DBAA7296AA4FE00D2DFB9 /* AppDelegate.swift */; };
		BB0DBAAA296AA4FE00D2DFB9 /* SceneDelegate.swift in Sources */ = {isa = PBXBuildFile; fileRef = BB0DBAA9296AA4FE00D2DFB9 /* SceneDelegate.swift */; };
		BB0DBAAF296AA4FE00D2DFB9 /* Main.storyboard in Resources */ = {isa = PBXBuildFile; fileRef = BB0DBAAD296AA4FE00D2DFB9 /* Main.storyboard */; };
		BB0DBAB2296AA4FE00D2DFB9 /* ChitChat.xcdatamodeld in Sources */ = {isa = PBXBuildFile; fileRef = BB0DBAB0296AA4FE00D2DFB9 /* ChitChat.xcdatamodeld */; };
		BB0DBAB4296AA50000D2DFB9 /* Assets.xcassets in Resources */ = {isa = PBXBuildFile; fileRef = BB0DBAB3296AA50000D2DFB9 /* Assets.xcassets */; };
		BB0DBAB7296AA50000D2DFB9 /* LaunchScreen.storyboard in Resources */ = {isa = PBXBuildFile; fileRef = BB0DBAB5296AA50000D2DFB9 /* LaunchScreen.storyboard */; };
		BB0DBAC2296AA50000D2DFB9 /* ChitChatTests.swift in Sources */ = {isa = PBXBuildFile; fileRef = BB0DBAC1296AA50000D2DFB9 /* ChitChatTests.swift */; };
		BB0DBACC296AA50000D2DFB9 /* ChitChatUITests.swift in Sources */ = {isa = PBXBuildFile; fileRef = BB0DBACB296AA50000D2DFB9 /* ChitChatUITests.swift */; };
		BB0DBACE296AA50000D2DFB9 /* ChitChatUITestsLaunchTests.swift in Sources */ = {isa = PBXBuildFile; fileRef = BB0DBACD296AA50000D2DFB9 /* ChitChatUITestsLaunchTests.swift */; };
		BB24FB26297C93CB00A933EA /* BottomTabBarViewController.swift in Sources */ = {isa = PBXBuildFile; fileRef = BB24FB25297C93CB00A933EA /* BottomTabBarViewController.swift */; };
		BB24FB28297C992C00A933EA /* JustAViewController.swift in Sources */ = {isa = PBXBuildFile; fileRef = BB24FB27297C992C00A933EA /* JustAViewController.swift */; };
		BB24FB2A297CAB4000A933EA /* EssayViewController.swift in Sources */ = {isa = PBXBuildFile; fileRef = BB24FB29297CAB3F00A933EA /* EssayViewController.swift */; };
		BB5E915E297CF6C800DC7467 /* CDHelper.swift in Sources */ = {isa = PBXBuildFile; fileRef = BB5E915D297CF6C800DC7467 /* CDHelper.swift */; };
		BB5E9160297DB2A300DC7467 /* HalfRoundedView.swift in Sources */ = {isa = PBXBuildFile; fileRef = BB5E915F297DB2A300DC7467 /* HalfRoundedView.swift */; };
		BB5E9162297DB62100DC7467 /* EssayEssayTableViewCell.swift in Sources */ = {isa = PBXBuildFile; fileRef = BB5E9161297DB62100DC7467 /* EssayEssayTableViewCell.swift */; };
		BB5E9164297DCDED00DC7467 /* EssayEntryTableViewCell.swift in Sources */ = {isa = PBXBuildFile; fileRef = BB5E9163297DCDED00DC7467 /* EssayEntryTableViewCell.swift */; };
		BB720C90296AAB7800BEA070 /* MainViewController.swift in Sources */ = {isa = PBXBuildFile; fileRef = BB720C8F296AAB7800BEA070 /* MainViewController.swift */; };
		BB720C93296B1EAD00BEA070 /* MessageKit in Frameworks */ = {isa = PBXBuildFile; productRef = BB720C92296B1EAD00BEA070 /* MessageKit */; };
		BB7BC14E2974FC9200D34695 /* ChatTableView.swift in Sources */ = {isa = PBXBuildFile; fileRef = BB7BC14D2974FC9200D34695 /* ChatTableView.swift */; };
		BB7BC150297527EB00D34695 /* AttributedLabel.swift in Sources */ = {isa = PBXBuildFile; fileRef = BB7BC14F297527EA00D34695 /* AttributedLabel.swift */; };
		BB9C2F51297CB7710026A441 /* EssayPromptTableViewCell.swift in Sources */ = {isa = PBXBuildFile; fileRef = BB9C2F50297CB7710026A441 /* EssayPromptTableViewCell.swift */; };
		BBA83E522977939600536FF9 /* mask.png in Resources */ = {isa = PBXBuildFile; fileRef = BBA83E4A2977939600536FF9 /* mask.png */; };
		BBA83E532977939600536FF9 /* mask.png in Resources */ = {isa = PBXBuildFile; fileRef = BBA83E4A2977939600536FF9 /* mask.png */; };
		BBA83E542977939600536FF9 /* mask.png in Resources */ = {isa = PBXBuildFile; fileRef = BBA83E4A2977939600536FF9 /* mask.png */; };
		BBA83E552977939600536FF9 /* dead.png in Resources */ = {isa = PBXBuildFile; fileRef = BBA83E4B2977939600536FF9 /* dead.png */; };
		BBA83E562977939600536FF9 /* dead.png in Resources */ = {isa = PBXBuildFile; fileRef = BBA83E4B2977939600536FF9 /* dead.png */; };
		BBA83E572977939600536FF9 /* dead.png in Resources */ = {isa = PBXBuildFile; fileRef = BBA83E4B2977939600536FF9 /* dead.png */; };
		BBA83E582977939600536FF9 /* what.png in Resources */ = {isa = PBXBuildFile; fileRef = BBA83E4C2977939600536FF9 /* what.png */; };
		BBA83E592977939600536FF9 /* what.png in Resources */ = {isa = PBXBuildFile; fileRef = BBA83E4C2977939600536FF9 /* what.png */; };
		BBA83E5A2977939600536FF9 /* what.png in Resources */ = {isa = PBXBuildFile; fileRef = BBA83E4C2977939600536FF9 /* what.png */; };
		BBA83E5B2977939600536FF9 /* smile.png in Resources */ = {isa = PBXBuildFile; fileRef = BBA83E4D2977939600536FF9 /* smile.png */; };
		BBA83E5C2977939600536FF9 /* smile.png in Resources */ = {isa = PBXBuildFile; fileRef = BBA83E4D2977939600536FF9 /* smile.png */; };
		BBA83E5D2977939600536FF9 /* smile.png in Resources */ = {isa = PBXBuildFile; fileRef = BBA83E4D2977939600536FF9 /* smile.png */; };
		BBA83E5E2977939600536FF9 /* nomouth.png in Resources */ = {isa = PBXBuildFile; fileRef = BBA83E4E2977939600536FF9 /* nomouth.png */; };
		BBA83E5F2977939600536FF9 /* nomouth.png in Resources */ = {isa = PBXBuildFile; fileRef = BBA83E4E2977939600536FF9 /* nomouth.png */; };
		BBA83E602977939600536FF9 /* nomouth.png in Resources */ = {isa = PBXBuildFile; fileRef = BBA83E4E2977939600536FF9 /* nomouth.png */; };
		BBA83E612977939600536FF9 /* neutral.png in Resources */ = {isa = PBXBuildFile; fileRef = BBA83E4F2977939600536FF9 /* neutral.png */; };
		BBA83E622977939600536FF9 /* neutral.png in Resources */ = {isa = PBXBuildFile; fileRef = BBA83E4F2977939600536FF9 /* neutral.png */; };
		BBA83E632977939600536FF9 /* neutral.png in Resources */ = {isa = PBXBuildFile; fileRef = BBA83E4F2977939600536FF9 /* neutral.png */; };
		BBA83E642977939600536FF9 /* mad.png in Resources */ = {isa = PBXBuildFile; fileRef = BBA83E502977939600536FF9 /* mad.png */; };
		BBA83E652977939600536FF9 /* mad.png in Resources */ = {isa = PBXBuildFile; fileRef = BBA83E502977939600536FF9 /* mad.png */; };
		BBA83E662977939600536FF9 /* mad.png in Resources */ = {isa = PBXBuildFile; fileRef = BBA83E502977939600536FF9 /* mad.png */; };
		BBA83E672977939600536FF9 /* cuirous.png in Resources */ = {isa = PBXBuildFile; fileRef = BBA83E512977939600536FF9 /* cuirous.png */; };
		BBA83E682977939600536FF9 /* cuirous.png in Resources */ = {isa = PBXBuildFile; fileRef = BBA83E512977939600536FF9 /* cuirous.png */; };
		BBA83E692977939600536FF9 /* cuirous.png in Resources */ = {isa = PBXBuildFile; fileRef = BBA83E512977939600536FF9 /* cuirous.png */; };
		BBA83E6B2977968400536FF9 /* pencil1.png in Resources */ = {isa = PBXBuildFile; fileRef = BBA83E6A2977968400536FF9 /* pencil1.png */; };
		BBA83E6C2977968400536FF9 /* pencil1.png in Resources */ = {isa = PBXBuildFile; fileRef = BBA83E6A2977968400536FF9 /* pencil1.png */; };
		BBA83E6D2977968400536FF9 /* pencil1.png in Resources */ = {isa = PBXBuildFile; fileRef = BBA83E6A2977968400536FF9 /* pencil1.png */; };
		BBA83E6F2977968900536FF9 /* pencil2.png in Resources */ = {isa = PBXBuildFile; fileRef = BBA83E6E2977968900536FF9 /* pencil2.png */; };
		BBA83E702977968900536FF9 /* pencil2.png in Resources */ = {isa = PBXBuildFile; fileRef = BBA83E6E2977968900536FF9 /* pencil2.png */; };
		BBA83E712977968900536FF9 /* pencil2.png in Resources */ = {isa = PBXBuildFile; fileRef = BBA83E6E2977968900536FF9 /* pencil2.png */; };
		BBA83E732977968F00536FF9 /* pencil3.png in Resources */ = {isa = PBXBuildFile; fileRef = BBA83E722977968E00536FF9 /* pencil3.png */; };
		BBA83E742977968F00536FF9 /* pencil3.png in Resources */ = {isa = PBXBuildFile; fileRef = BBA83E722977968E00536FF9 /* pencil3.png */; };
		BBA83E752977968F00536FF9 /* pencil3.png in Resources */ = {isa = PBXBuildFile; fileRef = BBA83E722977968E00536FF9 /* pencil3.png */; };
		BBA83E7729779E3A00536FF9 /* FaceConstants.swift in Sources */ = {isa = PBXBuildFile; fileRef = BBA83E7629779E3A00536FF9 /* FaceConstants.swift */; };
		BBA83E7829779E3A00536FF9 /* FaceConstants.swift in Sources */ = {isa = PBXBuildFile; fileRef = BBA83E7629779E3A00536FF9 /* FaceConstants.swift */; };
		BBA83E7929779E3A00536FF9 /* FaceConstants.swift in Sources */ = {isa = PBXBuildFile; fileRef = BBA83E7629779E3A00536FF9 /* FaceConstants.swift */; };
		BBA8C2222971F3C3009BDECC /* libTenjinSDKUniversal.a in Frameworks */ = {isa = PBXBuildFile; fileRef = BBA8C2212971F3C3009BDECC /* libTenjinSDKUniversal.a */; };
		BBA8C2232971F3C3009BDECC /* libTenjinSDKUniversal.a in Frameworks */ = {isa = PBXBuildFile; fileRef = BBA8C2212971F3C3009BDECC /* libTenjinSDKUniversal.a */; };
		BBA8C2242971F3C3009BDECC /* libTenjinSDKUniversal.a in Frameworks */ = {isa = PBXBuildFile; fileRef = BBA8C2212971F3C3009BDECC /* libTenjinSDKUniversal.a */; };
		BBA8C2272971FA08009BDECC /* AdSupport.framework in Frameworks */ = {isa = PBXBuildFile; fileRef = BBA8C2262971FA08009BDECC /* AdSupport.framework */; };
		BBC16387296B5FF800868752 /* GradientView.swift in Sources */ = {isa = PBXBuildFile; fileRef = BBC16386296B5FF800868752 /* GradientView.swift */; };
		BBC16389296B601500868752 /* Constants.swift in Sources */ = {isa = PBXBuildFile; fileRef = BBC16388296B601500868752 /* Constants.swift */; };
		BBC1638B296BCB6500868752 /* HTTPSHelper.swift in Sources */ = {isa = PBXBuildFile; fileRef = BBC1638A296BCB6500868752 /* HTTPSHelper.swift */; };
		BBC1638D296BD1F600868752 /* ChatStorageHelper.swift in Sources */ = {isa = PBXBuildFile; fileRef = BBC1638C296BD1F600868752 /* ChatStorageHelper.swift */; };
		BBC1638F296BD98200868752 /* ChatTableViewCell.swift in Sources */ = {isa = PBXBuildFile; fileRef = BBC1638E296BD98200868752 /* ChatTableViewCell.swift */; };
		BBC84684297EFF1E002493A5 /* BottomTabBar.swift in Sources */ = {isa = PBXBuildFile; fileRef = BBC84683297EFF1E002493A5 /* BottomTabBar.swift */; };
		BBC84686297F2960002493A5 /* EssayPremiumTableViewCell.swift in Sources */ = {isa = PBXBuildFile; fileRef = BBC84685297F2960002493A5 /* EssayPremiumTableViewCell.swift */; };
		BBD4D86C298063750031BBFA /* EssayLoadingTableViewCell.swift in Sources */ = {isa = PBXBuildFile; fileRef = BBD4D86B298063750031BBFA /* EssayLoadingTableViewCell.swift */; };
		BBD65BC029705CCF001F730C /* Screenshot 2 Cropped.jpg in Resources */ = {isa = PBXBuildFile; fileRef = BBD65BBB29705CCE001F730C /* Screenshot 2 Cropped.jpg */; };
		BBD65BC129705CCF001F730C /* Screenshot 2 Cropped.jpg in Resources */ = {isa = PBXBuildFile; fileRef = BBD65BBB29705CCE001F730C /* Screenshot 2 Cropped.jpg */; };
		BBD65BC229705CCF001F730C /* Screenshot 2 Cropped.jpg in Resources */ = {isa = PBXBuildFile; fileRef = BBD65BBB29705CCE001F730C /* Screenshot 2 Cropped.jpg */; };
		BBD65BC329705CCF001F730C /* Screenshot 2 Cropped.psd in Resources */ = {isa = PBXBuildFile; fileRef = BBD65BBC29705CCE001F730C /* Screenshot 2 Cropped.psd */; };
		BBD65BC429705CCF001F730C /* Screenshot 2 Cropped.psd in Resources */ = {isa = PBXBuildFile; fileRef = BBD65BBC29705CCE001F730C /* Screenshot 2 Cropped.psd */; };
		BBD65BC529705CCF001F730C /* Screenshot 2 Cropped.psd in Resources */ = {isa = PBXBuildFile; fileRef = BBD65BBC29705CCE001F730C /* Screenshot 2 Cropped.psd */; };
		BBD65BC629705CCF001F730C /* Screenshot 1 Cropped.psd in Resources */ = {isa = PBXBuildFile; fileRef = BBD65BBD29705CCE001F730C /* Screenshot 1 Cropped.psd */; };
		BBD65BC729705CCF001F730C /* Screenshot 1 Cropped.psd in Resources */ = {isa = PBXBuildFile; fileRef = BBD65BBD29705CCE001F730C /* Screenshot 1 Cropped.psd */; };
		BBD65BC829705CCF001F730C /* Screenshot 1 Cropped.psd in Resources */ = {isa = PBXBuildFile; fileRef = BBD65BBD29705CCE001F730C /* Screenshot 1 Cropped.psd */; };
		BBD65BC929705CCF001F730C /* Screenshot 1 Cropped.jpg in Resources */ = {isa = PBXBuildFile; fileRef = BBD65BBE29705CCE001F730C /* Screenshot 1 Cropped.jpg */; };
		BBD65BCA29705CCF001F730C /* Screenshot 1 Cropped.jpg in Resources */ = {isa = PBXBuildFile; fileRef = BBD65BBE29705CCE001F730C /* Screenshot 1 Cropped.jpg */; };
		BBD65BCB29705CCF001F730C /* Screenshot 1 Cropped.jpg in Resources */ = {isa = PBXBuildFile; fileRef = BBD65BBE29705CCE001F730C /* Screenshot 1 Cropped.jpg */; };
		BBD65BD02970648F001F730C /* Screenshot 3 Cropped.jpg in Resources */ = {isa = PBXBuildFile; fileRef = BBD65BCF2970648F001F730C /* Screenshot 3 Cropped.jpg */; };
		BBD65BD12970648F001F730C /* Screenshot 3 Cropped.jpg in Resources */ = {isa = PBXBuildFile; fileRef = BBD65BCF2970648F001F730C /* Screenshot 3 Cropped.jpg */; };
		BBD65BD22970648F001F730C /* Screenshot 3 Cropped.jpg in Resources */ = {isa = PBXBuildFile; fileRef = BBD65BCF2970648F001F730C /* Screenshot 3 Cropped.jpg */; };
		BBD65BDD2970655D001F730C /* Intro3ViewController.swift in Sources */ = {isa = PBXBuildFile; fileRef = BBD65BDC2970655D001F730C /* Intro3ViewController.swift */; };
		BBD65BDE2970655D001F730C /* Intro3ViewController.swift in Sources */ = {isa = PBXBuildFile; fileRef = BBD65BDC2970655D001F730C /* Intro3ViewController.swift */; };
		BBD65BDF2970655D001F730C /* Intro3ViewController.swift in Sources */ = {isa = PBXBuildFile; fileRef = BBD65BDC2970655D001F730C /* Intro3ViewController.swift */; };
		BBD65BE129706A02001F730C /* MainNavigationViewController.swift in Sources */ = {isa = PBXBuildFile; fileRef = BBD65BE029706A02001F730C /* MainNavigationViewController.swift */; };
		BBD65BE229706A02001F730C /* MainNavigationViewController.swift in Sources */ = {isa = PBXBuildFile; fileRef = BBD65BE029706A02001F730C /* MainNavigationViewController.swift */; };
		BBD65BE329706A02001F730C /* MainNavigationViewController.swift in Sources */ = {isa = PBXBuildFile; fileRef = BBD65BE029706A02001F730C /* MainNavigationViewController.swift */; };
		BBD65BE929706F2C001F730C /* Intro1ViewController.swift in Sources */ = {isa = PBXBuildFile; fileRef = BBD65BE829706F2C001F730C /* Intro1ViewController.swift */; };
		BBD65BEA29706F2C001F730C /* Intro1ViewController.swift in Sources */ = {isa = PBXBuildFile; fileRef = BBD65BE829706F2C001F730C /* Intro1ViewController.swift */; };
		BBD65BEB29706F2C001F730C /* Intro1ViewController.swift in Sources */ = {isa = PBXBuildFile; fileRef = BBD65BE829706F2C001F730C /* Intro1ViewController.swift */; };
		BBD65BED2970766C001F730C /* arrowGif.gif in Resources */ = {isa = PBXBuildFile; fileRef = BBD65BEC2970766C001F730C /* arrowGif.gif */; };
		BBD65BEE2970766C001F730C /* arrowGif.gif in Resources */ = {isa = PBXBuildFile; fileRef = BBD65BEC2970766C001F730C /* arrowGif.gif */; };
		BBD65BEF2970766C001F730C /* arrowGif.gif in Resources */ = {isa = PBXBuildFile; fileRef = BBD65BEC2970766C001F730C /* arrowGif.gif */; };
		BBEA8A24296E88C100DF37F8 /* GoogleMobileAds in Frameworks */ = {isa = PBXBuildFile; productRef = BBEA8A23296E88C100DF37F8 /* GoogleMobileAds */; };
		BBEA8A28296FBB9400DF37F8 /* NSMutableAttributedString.swift in Sources */ = {isa = PBXBuildFile; fileRef = BBEA8A27296FBB9400DF37F8 /* NSMutableAttributedString.swift */; };
/* End PBXBuildFile section */

/* Begin PBXContainerItemProxy section */
		BB0DBABE296AA50000D2DFB9 /* PBXContainerItemProxy */ = {
			isa = PBXContainerItemProxy;
			containerPortal = BB0DBA9C296AA4FE00D2DFB9 /* Project object */;
			proxyType = 1;
			remoteGlobalIDString = BB0DBAA3296AA4FE00D2DFB9;
			remoteInfo = ChitChat;
		};
		BB0DBAC8296AA50000D2DFB9 /* PBXContainerItemProxy */ = {
			isa = PBXContainerItemProxy;
			containerPortal = BB0DBA9C296AA4FE00D2DFB9 /* Project object */;
			proxyType = 1;
			remoteGlobalIDString = BB0DBAA3296AA4FE00D2DFB9;
			remoteInfo = ChitChat;
		};
/* End PBXContainerItemProxy section */

/* Begin PBXFileReference section */
		BB04B3E8296DE2BD000BEC02 /* IAPHTTPSHelper.swift */ = {isa = PBXFileReference; lastKnownFileType = sourcecode.swift; path = IAPHTTPSHelper.swift; sourceTree = "<group>"; };
		BB04B3EA296DE8FF000BEC02 /* IAPManager.swift */ = {isa = PBXFileReference; lastKnownFileType = sourcecode.swift; path = IAPManager.swift; sourceTree = "<group>"; };
		BB04B3EC296E2E7B000BEC02 /* giftGif.gif */ = {isa = PBXFileReference; lastKnownFileType = image.gif; path = giftGif.gif; sourceTree = "<group>"; };
		BB04B3F0296E2EAE000BEC02 /* SettingsTableViewController.swift */ = {isa = PBXFileReference; lastKnownFileType = sourcecode.swift; path = SettingsTableViewController.swift; sourceTree = "<group>"; };
		BB04B3F4296E2FC4000BEC02 /* UIImage+GIF.swift */ = {isa = PBXFileReference; lastKnownFileType = sourcecode.swift; path = "UIImage+GIF.swift"; sourceTree = "<group>"; };
		BB04B3F8296E38E0000BEC02 /* Ultra Image.jpg */ = {isa = PBXFileReference; lastKnownFileType = image.jpeg; path = "Ultra Image.jpg"; sourceTree = "<group>"; };
		BB04B400296E548E000BEC02 /* loadingDots.gif */ = {isa = PBXFileReference; lastKnownFileType = image.gif; name = loadingDots.gif; path = ../../../Downloads/loadingDots.gif; sourceTree = "<group>"; };
		BB089B072978A3F3003B8AAF /* Private.swift */ = {isa = PBXFileReference; lastKnownFileType = sourcecode.swift; path = Private.swift; sourceTree = "<group>"; };
		BB0A8C08296CDB760035F046 /* RoundedView.swift */ = {isa = PBXFileReference; lastKnownFileType = sourcecode.swift; path = RoundedView.swift; sourceTree = "<group>"; };
		BB0A8C0C296CE70E0035F046 /* ShadowView.swift */ = {isa = PBXFileReference; lastKnownFileType = sourcecode.swift; path = ShadowView.swift; sourceTree = "<group>"; };
		BB0A8C0E296D05FA0035F046 /* UltraPurchaseViewController.swift */ = {isa = PBXFileReference; lastKnownFileType = sourcecode.swift; path = UltraPurchaseViewController.swift; sourceTree = "<group>"; };
		BB0A8C10296D063D0035F046 /* RoundedButton.swift */ = {isa = PBXFileReference; lastKnownFileType = sourcecode.swift; path = RoundedButton.swift; sourceTree = "<group>"; };
		BB0DBAA4296AA4FE00D2DFB9 /* ChitChat.app */ = {isa = PBXFileReference; explicitFileType = wrapper.application; includeInIndex = 0; path = ChitChat.app; sourceTree = BUILT_PRODUCTS_DIR; };
		BB0DBAA7296AA4FE00D2DFB9 /* AppDelegate.swift */ = {isa = PBXFileReference; lastKnownFileType = sourcecode.swift; path = AppDelegate.swift; sourceTree = "<group>"; };
		BB0DBAA9296AA4FE00D2DFB9 /* SceneDelegate.swift */ = {isa = PBXFileReference; lastKnownFileType = sourcecode.swift; path = SceneDelegate.swift; sourceTree = "<group>"; };
		BB0DBAAE296AA4FE00D2DFB9 /* Base */ = {isa = PBXFileReference; lastKnownFileType = file.storyboard; name = Base; path = Base.lproj/Main.storyboard; sourceTree = "<group>"; };
		BB0DBAB1296AA4FE00D2DFB9 /* ChitChat.xcdatamodel */ = {isa = PBXFileReference; lastKnownFileType = wrapper.xcdatamodel; path = ChitChat.xcdatamodel; sourceTree = "<group>"; };
		BB0DBAB3296AA50000D2DFB9 /* Assets.xcassets */ = {isa = PBXFileReference; lastKnownFileType = folder.assetcatalog; path = Assets.xcassets; sourceTree = "<group>"; };
		BB0DBAB6296AA50000D2DFB9 /* Base */ = {isa = PBXFileReference; lastKnownFileType = file.storyboard; name = Base; path = Base.lproj/LaunchScreen.storyboard; sourceTree = "<group>"; };
		BB0DBAB8296AA50000D2DFB9 /* Info.plist */ = {isa = PBXFileReference; lastKnownFileType = text.plist.xml; path = Info.plist; sourceTree = "<group>"; };
		BB0DBABD296AA50000D2DFB9 /* ChitChatTests.xctest */ = {isa = PBXFileReference; explicitFileType = wrapper.cfbundle; includeInIndex = 0; path = ChitChatTests.xctest; sourceTree = BUILT_PRODUCTS_DIR; };
		BB0DBAC1296AA50000D2DFB9 /* ChitChatTests.swift */ = {isa = PBXFileReference; lastKnownFileType = sourcecode.swift; path = ChitChatTests.swift; sourceTree = "<group>"; };
		BB0DBAC7296AA50000D2DFB9 /* ChitChatUITests.xctest */ = {isa = PBXFileReference; explicitFileType = wrapper.cfbundle; includeInIndex = 0; path = ChitChatUITests.xctest; sourceTree = BUILT_PRODUCTS_DIR; };
		BB0DBACB296AA50000D2DFB9 /* ChitChatUITests.swift */ = {isa = PBXFileReference; lastKnownFileType = sourcecode.swift; path = ChitChatUITests.swift; sourceTree = "<group>"; };
		BB0DBACD296AA50000D2DFB9 /* ChitChatUITestsLaunchTests.swift */ = {isa = PBXFileReference; lastKnownFileType = sourcecode.swift; path = ChitChatUITestsLaunchTests.swift; sourceTree = "<group>"; };
		BB24FB25297C93CB00A933EA /* BottomTabBarViewController.swift */ = {isa = PBXFileReference; lastKnownFileType = sourcecode.swift; path = BottomTabBarViewController.swift; sourceTree = "<group>"; };
		BB24FB27297C992C00A933EA /* JustAViewController.swift */ = {isa = PBXFileReference; lastKnownFileType = sourcecode.swift; path = JustAViewController.swift; sourceTree = "<group>"; };
		BB24FB29297CAB3F00A933EA /* EssayViewController.swift */ = {isa = PBXFileReference; lastKnownFileType = sourcecode.swift; path = EssayViewController.swift; sourceTree = "<group>"; };
		BB5E915D297CF6C800DC7467 /* CDHelper.swift */ = {isa = PBXFileReference; lastKnownFileType = sourcecode.swift; path = CDHelper.swift; sourceTree = "<group>"; };
		BB5E915F297DB2A300DC7467 /* HalfRoundedView.swift */ = {isa = PBXFileReference; lastKnownFileType = sourcecode.swift; path = HalfRoundedView.swift; sourceTree = "<group>"; };
		BB5E9161297DB62100DC7467 /* EssayEssayTableViewCell.swift */ = {isa = PBXFileReference; lastKnownFileType = sourcecode.swift; path = EssayEssayTableViewCell.swift; sourceTree = "<group>"; };
		BB5E9163297DCDED00DC7467 /* EssayEntryTableViewCell.swift */ = {isa = PBXFileReference; lastKnownFileType = sourcecode.swift; path = EssayEntryTableViewCell.swift; sourceTree = "<group>"; };
		BB720C8F296AAB7800BEA070 /* MainViewController.swift */ = {isa = PBXFileReference; lastKnownFileType = sourcecode.swift; path = MainViewController.swift; sourceTree = "<group>"; };
		BB7BC14D2974FC9200D34695 /* ChatTableView.swift */ = {isa = PBXFileReference; lastKnownFileType = sourcecode.swift; path = ChatTableView.swift; sourceTree = "<group>"; };
		BB7BC14F297527EA00D34695 /* AttributedLabel.swift */ = {isa = PBXFileReference; lastKnownFileType = sourcecode.swift; path = AttributedLabel.swift; sourceTree = "<group>"; };
		BB9C2F50297CB7710026A441 /* EssayPromptTableViewCell.swift */ = {isa = PBXFileReference; lastKnownFileType = sourcecode.swift; path = EssayPromptTableViewCell.swift; sourceTree = "<group>"; };
		BBA83E4A2977939600536FF9 /* mask.png */ = {isa = PBXFileReference; lastKnownFileType = image.png; path = mask.png; sourceTree = "<group>"; };
		BBA83E4B2977939600536FF9 /* dead.png */ = {isa = PBXFileReference; lastKnownFileType = image.png; path = dead.png; sourceTree = "<group>"; };
		BBA83E4C2977939600536FF9 /* what.png */ = {isa = PBXFileReference; lastKnownFileType = image.png; path = what.png; sourceTree = "<group>"; };
		BBA83E4D2977939600536FF9 /* smile.png */ = {isa = PBXFileReference; lastKnownFileType = image.png; path = smile.png; sourceTree = "<group>"; };
		BBA83E4E2977939600536FF9 /* nomouth.png */ = {isa = PBXFileReference; lastKnownFileType = image.png; path = nomouth.png; sourceTree = "<group>"; };
		BBA83E4F2977939600536FF9 /* neutral.png */ = {isa = PBXFileReference; lastKnownFileType = image.png; path = neutral.png; sourceTree = "<group>"; };
		BBA83E502977939600536FF9 /* mad.png */ = {isa = PBXFileReference; lastKnownFileType = image.png; path = mad.png; sourceTree = "<group>"; };
		BBA83E512977939600536FF9 /* cuirous.png */ = {isa = PBXFileReference; lastKnownFileType = image.png; path = cuirous.png; sourceTree = "<group>"; };
		BBA83E6A2977968400536FF9 /* pencil1.png */ = {isa = PBXFileReference; lastKnownFileType = image.png; path = pencil1.png; sourceTree = "<group>"; };
		BBA83E6E2977968900536FF9 /* pencil2.png */ = {isa = PBXFileReference; lastKnownFileType = image.png; path = pencil2.png; sourceTree = "<group>"; };
		BBA83E722977968E00536FF9 /* pencil3.png */ = {isa = PBXFileReference; lastKnownFileType = image.png; path = pencil3.png; sourceTree = "<group>"; };
		BBA83E7629779E3A00536FF9 /* FaceConstants.swift */ = {isa = PBXFileReference; lastKnownFileType = sourcecode.swift; path = FaceConstants.swift; sourceTree = "<group>"; };
		BBA8C21F2971F3C3009BDECC /* TenjinSDK.h */ = {isa = PBXFileReference; fileEncoding = 4; lastKnownFileType = sourcecode.c.h; path = TenjinSDK.h; sourceTree = "<group>"; };
		BBA8C2202971F3C3009BDECC /* chitchat-client-bridge.h */ = {isa = PBXFileReference; fileEncoding = 4; lastKnownFileType = sourcecode.c.h; path = "chitchat-client-bridge.h"; sourceTree = "<group>"; };
		BBA8C2212971F3C3009BDECC /* libTenjinSDKUniversal.a */ = {isa = PBXFileReference; lastKnownFileType = archive.ar; path = libTenjinSDKUniversal.a; sourceTree = "<group>"; };
		BBA8C2262971FA08009BDECC /* AdSupport.framework */ = {isa = PBXFileReference; lastKnownFileType = wrapper.framework; name = AdSupport.framework; path = System/Library/Frameworks/AdSupport.framework; sourceTree = SDKROOT; };
		BBC16386296B5FF800868752 /* GradientView.swift */ = {isa = PBXFileReference; lastKnownFileType = sourcecode.swift; path = GradientView.swift; sourceTree = "<group>"; };
		BBC16388296B601500868752 /* Constants.swift */ = {isa = PBXFileReference; lastKnownFileType = sourcecode.swift; path = Constants.swift; sourceTree = "<group>"; };
		BBC1638A296BCB6500868752 /* HTTPSHelper.swift */ = {isa = PBXFileReference; lastKnownFileType = sourcecode.swift; path = HTTPSHelper.swift; sourceTree = "<group>"; };
		BBC1638C296BD1F600868752 /* ChatStorageHelper.swift */ = {isa = PBXFileReference; lastKnownFileType = sourcecode.swift; path = ChatStorageHelper.swift; sourceTree = "<group>"; };
		BBC1638E296BD98200868752 /* ChatTableViewCell.swift */ = {isa = PBXFileReference; lastKnownFileType = sourcecode.swift; path = ChatTableViewCell.swift; sourceTree = "<group>"; };
		BBC84683297EFF1E002493A5 /* BottomTabBar.swift */ = {isa = PBXFileReference; lastKnownFileType = sourcecode.swift; path = BottomTabBar.swift; sourceTree = "<group>"; };
		BBC84685297F2960002493A5 /* EssayPremiumTableViewCell.swift */ = {isa = PBXFileReference; lastKnownFileType = sourcecode.swift; path = EssayPremiumTableViewCell.swift; sourceTree = "<group>"; };
		BBC84687297F70E4002493A5 /* storeKitConfiguration.storekit */ = {isa = PBXFileReference; lastKnownFileType = text; path = storeKitConfiguration.storekit; sourceTree = "<group>"; };
		BBD4D86B298063750031BBFA /* EssayLoadingTableViewCell.swift */ = {isa = PBXFileReference; lastKnownFileType = sourcecode.swift; path = EssayLoadingTableViewCell.swift; sourceTree = "<group>"; };
		BBD65BBB29705CCE001F730C /* Screenshot 2 Cropped.jpg */ = {isa = PBXFileReference; lastKnownFileType = image.jpeg; path = "Screenshot 2 Cropped.jpg"; sourceTree = "<group>"; };
		BBD65BBC29705CCE001F730C /* Screenshot 2 Cropped.psd */ = {isa = PBXFileReference; lastKnownFileType = file; path = "Screenshot 2 Cropped.psd"; sourceTree = "<group>"; };
		BBD65BBD29705CCE001F730C /* Screenshot 1 Cropped.psd */ = {isa = PBXFileReference; lastKnownFileType = file; path = "Screenshot 1 Cropped.psd"; sourceTree = "<group>"; };
		BBD65BBE29705CCE001F730C /* Screenshot 1 Cropped.jpg */ = {isa = PBXFileReference; lastKnownFileType = image.jpeg; path = "Screenshot 1 Cropped.jpg"; sourceTree = "<group>"; };
		BBD65BCF2970648F001F730C /* Screenshot 3 Cropped.jpg */ = {isa = PBXFileReference; lastKnownFileType = image.jpeg; path = "Screenshot 3 Cropped.jpg"; sourceTree = "<group>"; };
		BBD65BDC2970655D001F730C /* Intro3ViewController.swift */ = {isa = PBXFileReference; lastKnownFileType = sourcecode.swift; path = Intro3ViewController.swift; sourceTree = "<group>"; };
		BBD65BE029706A02001F730C /* MainNavigationViewController.swift */ = {isa = PBXFileReference; lastKnownFileType = sourcecode.swift; path = MainNavigationViewController.swift; sourceTree = "<group>"; };
		BBD65BE829706F2C001F730C /* Intro1ViewController.swift */ = {isa = PBXFileReference; lastKnownFileType = sourcecode.swift; path = Intro1ViewController.swift; sourceTree = "<group>"; };
		BBD65BEC2970766C001F730C /* arrowGif.gif */ = {isa = PBXFileReference; lastKnownFileType = image.gif; path = arrowGif.gif; sourceTree = "<group>"; };
		BBEA8A27296FBB9400DF37F8 /* NSMutableAttributedString.swift */ = {isa = PBXFileReference; lastKnownFileType = sourcecode.swift; path = NSMutableAttributedString.swift; sourceTree = "<group>"; };
/* End PBXFileReference section */

/* Begin PBXFrameworksBuildPhase section */
		BB0DBAA1296AA4FE00D2DFB9 /* Frameworks */ = {
			isa = PBXFrameworksBuildPhase;
			buildActionMask = 2147483647;
			files = (
				BBEA8A24296E88C100DF37F8 /* GoogleMobileAds in Frameworks */,
				BBA8C2272971FA08009BDECC /* AdSupport.framework in Frameworks */,
				BB720C93296B1EAD00BEA070 /* MessageKit in Frameworks */,
				BBA8C2222971F3C3009BDECC /* libTenjinSDKUniversal.a in Frameworks */,
			);
			runOnlyForDeploymentPostprocessing = 0;
		};
		BB0DBABA296AA50000D2DFB9 /* Frameworks */ = {
			isa = PBXFrameworksBuildPhase;
			buildActionMask = 2147483647;
			files = (
				BBA8C2232971F3C3009BDECC /* libTenjinSDKUniversal.a in Frameworks */,
			);
			runOnlyForDeploymentPostprocessing = 0;
		};
		BB0DBAC4296AA50000D2DFB9 /* Frameworks */ = {
			isa = PBXFrameworksBuildPhase;
			buildActionMask = 2147483647;
			files = (
				BBA8C2242971F3C3009BDECC /* libTenjinSDKUniversal.a in Frameworks */,
			);
			runOnlyForDeploymentPostprocessing = 0;
		};
/* End PBXFrameworksBuildPhase section */

/* Begin PBXGroup section */
		BB0DBA9B296AA4FE00D2DFB9 = {
			isa = PBXGroup;
			children = (
				BB0DBAA6296AA4FE00D2DFB9 /* ChitChat */,
				BB0DBAC0296AA50000D2DFB9 /* ChitChatTests */,
				BB0DBACA296AA50000D2DFB9 /* ChitChatUITests */,
				BB0DBAA5296AA4FE00D2DFB9 /* Products */,
				BBA8C2252971FA07009BDECC /* Frameworks */,
			);
			sourceTree = "<group>";
		};
		BB0DBAA5296AA4FE00D2DFB9 /* Products */ = {
			isa = PBXGroup;
			children = (
				BB0DBAA4296AA4FE00D2DFB9 /* ChitChat.app */,
				BB0DBABD296AA50000D2DFB9 /* ChitChatTests.xctest */,
				BB0DBAC7296AA50000D2DFB9 /* ChitChatUITests.xctest */,
			);
			name = Products;
			sourceTree = "<group>";
		};
		BB0DBAA6296AA4FE00D2DFB9 /* ChitChat */ = {
			isa = PBXGroup;
			children = (
				BBA83E6A2977968400536FF9 /* pencil1.png */,
				BBA83E6E2977968900536FF9 /* pencil2.png */,
				BBA83E722977968E00536FF9 /* pencil3.png */,
				BBA83E492977939600536FF9 /* Smith Faces */,
				BB04B400296E548E000BEC02 /* loadingDots.gif */,
				BB04B3EC296E2E7B000BEC02 /* giftGif.gif */,
				BB04B3F8296E38E0000BEC02 /* Ultra Image.jpg */,
				BBD65BEC2970766C001F730C /* arrowGif.gif */,
				BBA8C21E2971F3C3009BDECC /* Tenjin */,
				BBD65BBA29705CCE001F730C /* Screenshots for Inside the App */,
				BB0DBAA7296AA4FE00D2DFB9 /* AppDelegate.swift */,
				BB0DBAA9296AA4FE00D2DFB9 /* SceneDelegate.swift */,
				BB089B072978A3F3003B8AAF /* Private.swift */,
				BBC16388296B601500868752 /* Constants.swift */,
				BBA83E7629779E3A00536FF9 /* FaceConstants.swift */,
				BBD65BD4297064ED001F730C /* Extensions */,
				BBD65BD5297064FB001F730C /* Custom Views */,
				BBD65BD62970650B001F730C /* Helpers */,
				BB720C8F296AAB7800BEA070 /* MainViewController.swift */,
				BBD65BE029706A02001F730C /* MainNavigationViewController.swift */,
				BB04B3F0296E2EAE000BEC02 /* SettingsTableViewController.swift */,
				BB24FB25297C93CB00A933EA /* BottomTabBarViewController.swift */,
				BBC84683297EFF1E002493A5 /* BottomTabBar.swift */,
				BB24FB27297C992C00A933EA /* JustAViewController.swift */,
				BB24FB29297CAB3F00A933EA /* EssayViewController.swift */,
				BB0A8C0E296D05FA0035F046 /* UltraPurchaseViewController.swift */,
				BBD65BE829706F2C001F730C /* Intro1ViewController.swift */,
				BBD65BDC2970655D001F730C /* Intro3ViewController.swift */,
				BB0DBAAD296AA4FE00D2DFB9 /* Main.storyboard */,
				BB0DBAB3296AA50000D2DFB9 /* Assets.xcassets */,
				BB0DBAB5296AA50000D2DFB9 /* LaunchScreen.storyboard */,
				BBC84687297F70E4002493A5 /* storeKitConfiguration.storekit */,
				BB0DBAB8296AA50000D2DFB9 /* Info.plist */,
				BB0DBAB0296AA4FE00D2DFB9 /* ChitChat.xcdatamodeld */,
			);
			path = ChitChat;
			sourceTree = "<group>";
		};
		BB0DBAC0296AA50000D2DFB9 /* ChitChatTests */ = {
			isa = PBXGroup;
			children = (
				BB0DBAC1296AA50000D2DFB9 /* ChitChatTests.swift */,
			);
			path = ChitChatTests;
			sourceTree = "<group>";
		};
		BB0DBACA296AA50000D2DFB9 /* ChitChatUITests */ = {
			isa = PBXGroup;
			children = (
				BB0DBACB296AA50000D2DFB9 /* ChitChatUITests.swift */,
				BB0DBACD296AA50000D2DFB9 /* ChitChatUITestsLaunchTests.swift */,
			);
			path = ChitChatUITests;
			sourceTree = "<group>";
		};
		BBA83E492977939600536FF9 /* Smith Faces */ = {
			isa = PBXGroup;
			children = (
				BBA83E4A2977939600536FF9 /* mask.png */,
				BBA83E4B2977939600536FF9 /* dead.png */,
				BBA83E4C2977939600536FF9 /* what.png */,
				BBA83E4D2977939600536FF9 /* smile.png */,
				BBA83E4E2977939600536FF9 /* nomouth.png */,
				BBA83E4F2977939600536FF9 /* neutral.png */,
				BBA83E502977939600536FF9 /* mad.png */,
				BBA83E512977939600536FF9 /* cuirous.png */,
			);
			path = "Smith Faces";
			sourceTree = "<group>";
		};
		BBA8C21E2971F3C3009BDECC /* Tenjin */ = {
			isa = PBXGroup;
			children = (
				BBA8C21F2971F3C3009BDECC /* TenjinSDK.h */,
				BBA8C2202971F3C3009BDECC /* chitchat-client-bridge.h */,
				BBA8C2212971F3C3009BDECC /* libTenjinSDKUniversal.a */,
			);
			path = Tenjin;
			sourceTree = "<group>";
		};
		BBA8C2252971FA07009BDECC /* Frameworks */ = {
			isa = PBXGroup;
			children = (
				BBA8C2262971FA08009BDECC /* AdSupport.framework */,
			);
			name = Frameworks;
			sourceTree = "<group>";
		};
		BBD65BBA29705CCE001F730C /* Screenshots for Inside the App */ = {
			isa = PBXGroup;
			children = (
				BBD65BBB29705CCE001F730C /* Screenshot 2 Cropped.jpg */,
				BBD65BBC29705CCE001F730C /* Screenshot 2 Cropped.psd */,
				BBD65BBD29705CCE001F730C /* Screenshot 1 Cropped.psd */,
				BBD65BBE29705CCE001F730C /* Screenshot 1 Cropped.jpg */,
				BBD65BCF2970648F001F730C /* Screenshot 3 Cropped.jpg */,
			);
			path = "Screenshots for Inside the App";
			sourceTree = "<group>";
		};
		BBD65BD4297064ED001F730C /* Extensions */ = {
			isa = PBXGroup;
			children = (
				BB04B3F4296E2FC4000BEC02 /* UIImage+GIF.swift */,
				BBEA8A27296FBB9400DF37F8 /* NSMutableAttributedString.swift */,
			);
			path = Extensions;
			sourceTree = "<group>";
		};
		BBD65BD5297064FB001F730C /* Custom Views */ = {
			isa = PBXGroup;
			children = (
				BB7BC14D2974FC9200D34695 /* ChatTableView.swift */,
				BBC1638E296BD98200868752 /* ChatTableViewCell.swift */,
				BB5E9163297DCDED00DC7467 /* EssayEntryTableViewCell.swift */,
				BB9C2F50297CB7710026A441 /* EssayPromptTableViewCell.swift */,
				BB5E9161297DB62100DC7467 /* EssayEssayTableViewCell.swift */,
				BBC84685297F2960002493A5 /* EssayPremiumTableViewCell.swift */,
				BBD4D86B298063750031BBFA /* EssayLoadingTableViewCell.swift */,
				BB0A8C08296CDB760035F046 /* RoundedView.swift */,
				BB5E915F297DB2A300DC7467 /* HalfRoundedView.swift */,
				BB0A8C0C296CE70E0035F046 /* ShadowView.swift */,
				BB0A8C10296D063D0035F046 /* RoundedButton.swift */,
				BBC16386296B5FF800868752 /* GradientView.swift */,
				BB7BC14F297527EA00D34695 /* AttributedLabel.swift */,
			);
			path = "Custom Views";
			sourceTree = "<group>";
		};
		BBD65BD62970650B001F730C /* Helpers */ = {
			isa = PBXGroup;
			children = (
				BBC1638C296BD1F600868752 /* ChatStorageHelper.swift */,
				BBC1638A296BCB6500868752 /* HTTPSHelper.swift */,
				BB04B3E8296DE2BD000BEC02 /* IAPHTTPSHelper.swift */,
				BB04B3EA296DE8FF000BEC02 /* IAPManager.swift */,
				BB5E915D297CF6C800DC7467 /* CDHelper.swift */,
			);
			path = Helpers;
			sourceTree = "<group>";
		};
/* End PBXGroup section */

/* Begin PBXNativeTarget section */
		BB0DBAA3296AA4FE00D2DFB9 /* ChitChat */ = {
			isa = PBXNativeTarget;
			buildConfigurationList = BB0DBAD1296AA50000D2DFB9 /* Build configuration list for PBXNativeTarget "ChitChat" */;
			buildPhases = (
				BB0DBAA0296AA4FE00D2DFB9 /* Sources */,
				BB0DBAA1296AA4FE00D2DFB9 /* Frameworks */,
				BB0DBAA2296AA4FE00D2DFB9 /* Resources */,
			);
			buildRules = (
			);
			dependencies = (
			);
			name = ChitChat;
			packageProductDependencies = (
				BB720C92296B1EAD00BEA070 /* MessageKit */,
				BBEA8A23296E88C100DF37F8 /* GoogleMobileAds */,
			);
			productName = ChitChat;
			productReference = BB0DBAA4296AA4FE00D2DFB9 /* ChitChat.app */;
			productType = "com.apple.product-type.application";
		};
		BB0DBABC296AA50000D2DFB9 /* ChitChatTests */ = {
			isa = PBXNativeTarget;
			buildConfigurationList = BB0DBAD4296AA50000D2DFB9 /* Build configuration list for PBXNativeTarget "ChitChatTests" */;
			buildPhases = (
				BB0DBAB9296AA50000D2DFB9 /* Sources */,
				BB0DBABA296AA50000D2DFB9 /* Frameworks */,
				BB0DBABB296AA50000D2DFB9 /* Resources */,
			);
			buildRules = (
			);
			dependencies = (
				BB0DBABF296AA50000D2DFB9 /* PBXTargetDependency */,
			);
			name = ChitChatTests;
			productName = ChitChatTests;
			productReference = BB0DBABD296AA50000D2DFB9 /* ChitChatTests.xctest */;
			productType = "com.apple.product-type.bundle.unit-test";
		};
		BB0DBAC6296AA50000D2DFB9 /* ChitChatUITests */ = {
			isa = PBXNativeTarget;
			buildConfigurationList = BB0DBAD7296AA50000D2DFB9 /* Build configuration list for PBXNativeTarget "ChitChatUITests" */;
			buildPhases = (
				BB0DBAC3296AA50000D2DFB9 /* Sources */,
				BB0DBAC4296AA50000D2DFB9 /* Frameworks */,
				BB0DBAC5296AA50000D2DFB9 /* Resources */,
			);
			buildRules = (
			);
			dependencies = (
				BB0DBAC9296AA50000D2DFB9 /* PBXTargetDependency */,
			);
			name = ChitChatUITests;
			productName = ChitChatUITests;
			productReference = BB0DBAC7296AA50000D2DFB9 /* ChitChatUITests.xctest */;
			productType = "com.apple.product-type.bundle.ui-testing";
		};
/* End PBXNativeTarget section */

/* Begin PBXProject section */
		BB0DBA9C296AA4FE00D2DFB9 /* Project object */ = {
			isa = PBXProject;
			attributes = {
				BuildIndependentTargetsInParallel = 1;
				LastSwiftUpdateCheck = 1420;
				LastUpgradeCheck = 1420;
				TargetAttributes = {
					BB0DBAA3296AA4FE00D2DFB9 = {
						CreatedOnToolsVersion = 14.2;
					};
					BB0DBABC296AA50000D2DFB9 = {
						CreatedOnToolsVersion = 14.2;
						TestTargetID = BB0DBAA3296AA4FE00D2DFB9;
					};
					BB0DBAC6296AA50000D2DFB9 = {
						CreatedOnToolsVersion = 14.2;
						TestTargetID = BB0DBAA3296AA4FE00D2DFB9;
					};
				};
			};
			buildConfigurationList = BB0DBA9F296AA4FE00D2DFB9 /* Build configuration list for PBXProject "ChitChat" */;
			compatibilityVersion = "Xcode 14.0";
			developmentRegion = en;
			hasScannedForEncodings = 0;
			knownRegions = (
				en,
				Base,
			);
			mainGroup = BB0DBA9B296AA4FE00D2DFB9;
			packageReferences = (
				BB720C91296B1EAD00BEA070 /* XCRemoteSwiftPackageReference "MessageKit" */,
				BBEA8A22296E88C100DF37F8 /* XCRemoteSwiftPackageReference "swift-package-manager-google-mobile-ads" */,
			);
			productRefGroup = BB0DBAA5296AA4FE00D2DFB9 /* Products */;
			projectDirPath = "";
			projectRoot = "";
			targets = (
				BB0DBAA3296AA4FE00D2DFB9 /* ChitChat */,
				BB0DBABC296AA50000D2DFB9 /* ChitChatTests */,
				BB0DBAC6296AA50000D2DFB9 /* ChitChatUITests */,
			);
		};
/* End PBXProject section */

/* Begin PBXResourcesBuildPhase section */
		BB0DBAA2296AA4FE00D2DFB9 /* Resources */ = {
			isa = PBXResourcesBuildPhase;
			buildActionMask = 2147483647;
			files = (
				BBA83E612977939600536FF9 /* neutral.png in Resources */,
				BBD65BC329705CCF001F730C /* Screenshot 2 Cropped.psd in Resources */,
				BB04B3F9296E38E1000BEC02 /* Ultra Image.jpg in Resources */,
				BBA83E5B2977939600536FF9 /* smile.png in Resources */,
				BB0DBAB7296AA50000D2DFB9 /* LaunchScreen.storyboard in Resources */,
				BBA83E522977939600536FF9 /* mask.png in Resources */,
				BBD65BC629705CCF001F730C /* Screenshot 1 Cropped.psd in Resources */,
				BBA83E642977939600536FF9 /* mad.png in Resources */,
				BBA83E6F2977968900536FF9 /* pencil2.png in Resources */,
				BBA83E5E2977939600536FF9 /* nomouth.png in Resources */,
				BBA83E732977968F00536FF9 /* pencil3.png in Resources */,
				BB0DBAB4296AA50000D2DFB9 /* Assets.xcassets in Resources */,
				BB04B401296E548F000BEC02 /* loadingDots.gif in Resources */,
				BBD65BC929705CCF001F730C /* Screenshot 1 Cropped.jpg in Resources */,
				BBA83E672977939600536FF9 /* cuirous.png in Resources */,
				BBD65BC029705CCF001F730C /* Screenshot 2 Cropped.jpg in Resources */,
				BB0DBAAF296AA4FE00D2DFB9 /* Main.storyboard in Resources */,
				BBA83E582977939600536FF9 /* what.png in Resources */,
				BBD65BD02970648F001F730C /* Screenshot 3 Cropped.jpg in Resources */,
				BBA83E552977939600536FF9 /* dead.png in Resources */,
				BBA83E6B2977968400536FF9 /* pencil1.png in Resources */,
				BBD65BED2970766C001F730C /* arrowGif.gif in Resources */,
				BB04B3ED296E2E7B000BEC02 /* giftGif.gif in Resources */,
			);
			runOnlyForDeploymentPostprocessing = 0;
		};
		BB0DBABB296AA50000D2DFB9 /* Resources */ = {
			isa = PBXResourcesBuildPhase;
			buildActionMask = 2147483647;
			files = (
				BBD65BC429705CCF001F730C /* Screenshot 2 Cropped.psd in Resources */,
				BBA83E742977968F00536FF9 /* pencil3.png in Resources */,
				BB04B402296E548F000BEC02 /* loadingDots.gif in Resources */,
				BBA83E592977939600536FF9 /* what.png in Resources */,
				BBD65BEE2970766C001F730C /* arrowGif.gif in Resources */,
				BBD65BCA29705CCF001F730C /* Screenshot 1 Cropped.jpg in Resources */,
				BBA83E5F2977939600536FF9 /* nomouth.png in Resources */,
				BBA83E5C2977939600536FF9 /* smile.png in Resources */,
				BB04B3EE296E2E7B000BEC02 /* giftGif.gif in Resources */,
				BBA83E6C2977968400536FF9 /* pencil1.png in Resources */,
				BBA83E532977939600536FF9 /* mask.png in Resources */,
				BBD65BC729705CCF001F730C /* Screenshot 1 Cropped.psd in Resources */,
				BBD65BD12970648F001F730C /* Screenshot 3 Cropped.jpg in Resources */,
				BB04B3FA296E38E1000BEC02 /* Ultra Image.jpg in Resources */,
				BBA83E702977968900536FF9 /* pencil2.png in Resources */,
				BBA83E622977939600536FF9 /* neutral.png in Resources */,
				BBA83E652977939600536FF9 /* mad.png in Resources */,
				BBA83E682977939600536FF9 /* cuirous.png in Resources */,
				BBD65BC129705CCF001F730C /* Screenshot 2 Cropped.jpg in Resources */,
				BBA83E562977939600536FF9 /* dead.png in Resources */,
			);
			runOnlyForDeploymentPostprocessing = 0;
		};
		BB0DBAC5296AA50000D2DFB9 /* Resources */ = {
			isa = PBXResourcesBuildPhase;
			buildActionMask = 2147483647;
			files = (
				BBD65BC529705CCF001F730C /* Screenshot 2 Cropped.psd in Resources */,
				BBA83E752977968F00536FF9 /* pencil3.png in Resources */,
				BB04B403296E548F000BEC02 /* loadingDots.gif in Resources */,
				BBA83E5A2977939600536FF9 /* what.png in Resources */,
				BBD65BEF2970766C001F730C /* arrowGif.gif in Resources */,
				BBD65BCB29705CCF001F730C /* Screenshot 1 Cropped.jpg in Resources */,
				BBA83E602977939600536FF9 /* nomouth.png in Resources */,
				BBA83E5D2977939600536FF9 /* smile.png in Resources */,
				BB04B3EF296E2E7B000BEC02 /* giftGif.gif in Resources */,
				BBA83E6D2977968400536FF9 /* pencil1.png in Resources */,
				BBA83E542977939600536FF9 /* mask.png in Resources */,
				BBD65BC829705CCF001F730C /* Screenshot 1 Cropped.psd in Resources */,
				BBD65BD22970648F001F730C /* Screenshot 3 Cropped.jpg in Resources */,
				BB04B3FB296E38E1000BEC02 /* Ultra Image.jpg in Resources */,
				BBA83E712977968900536FF9 /* pencil2.png in Resources */,
				BBA83E632977939600536FF9 /* neutral.png in Resources */,
				BBA83E662977939600536FF9 /* mad.png in Resources */,
				BBA83E692977939600536FF9 /* cuirous.png in Resources */,
				BBD65BC229705CCF001F730C /* Screenshot 2 Cropped.jpg in Resources */,
				BBA83E572977939600536FF9 /* dead.png in Resources */,
			);
			runOnlyForDeploymentPostprocessing = 0;
		};
/* End PBXResourcesBuildPhase section */

/* Begin PBXSourcesBuildPhase section */
		BB0DBAA0296AA4FE00D2DFB9 /* Sources */ = {
			isa = PBXSourcesBuildPhase;
			buildActionMask = 2147483647;
			files = (
				BB0DBAB2296AA4FE00D2DFB9 /* ChitChat.xcdatamodeld in Sources */,
				BBD65BDD2970655D001F730C /* Intro3ViewController.swift in Sources */,
				BB0A8C0D296CE70E0035F046 /* ShadowView.swift in Sources */,
				BB9C2F51297CB7710026A441 /* EssayPromptTableViewCell.swift in Sources */,
				BBC1638B296BCB6500868752 /* HTTPSHelper.swift in Sources */,
				BB5E9164297DCDED00DC7467 /* EssayEntryTableViewCell.swift in Sources */,
				BB5E9162297DB62100DC7467 /* EssayEssayTableViewCell.swift in Sources */,
				BB0DBAA8296AA4FE00D2DFB9 /* AppDelegate.swift in Sources */,
				BBC1638F296BD98200868752 /* ChatTableViewCell.swift in Sources */,
				BB24FB26297C93CB00A933EA /* BottomTabBarViewController.swift in Sources */,
				BBC16387296B5FF800868752 /* GradientView.swift in Sources */,
				BBC84686297F2960002493A5 /* EssayPremiumTableViewCell.swift in Sources */,
				BBD65BE129706A02001F730C /* MainNavigationViewController.swift in Sources */,
				BB7BC150297527EB00D34695 /* AttributedLabel.swift in Sources */,
				BB24FB28297C992C00A933EA /* JustAViewController.swift in Sources */,
				BB04B3EB296DE8FF000BEC02 /* IAPManager.swift in Sources */,
				BB0DBAAA296AA4FE00D2DFB9 /* SceneDelegate.swift in Sources */,
				BB720C90296AAB7800BEA070 /* MainViewController.swift in Sources */,
				BBC1638D296BD1F600868752 /* ChatStorageHelper.swift in Sources */,
				BB0A8C09296CDB760035F046 /* RoundedView.swift in Sources */,
				BB0A8C0F296D05FA0035F046 /* UltraPurchaseViewController.swift in Sources */,
				BBD65BE929706F2C001F730C /* Intro1ViewController.swift in Sources */,
				BBEA8A28296FBB9400DF37F8 /* NSMutableAttributedString.swift in Sources */,
				BB089B082978A3F3003B8AAF /* Private.swift in Sources */,
				BBD4D86C298063750031BBFA /* EssayLoadingTableViewCell.swift in Sources */,
				BB24FB2A297CAB4000A933EA /* EssayViewController.swift in Sources */,
				BB04B3F1296E2EAE000BEC02 /* SettingsTableViewController.swift in Sources */,
				BBC16389296B601500868752 /* Constants.swift in Sources */,
				BB04B3E9296DE2BD000BEC02 /* IAPHTTPSHelper.swift in Sources */,
				BB0A8C11296D063D0035F046 /* RoundedButton.swift in Sources */,
				BB5E915E297CF6C800DC7467 /* CDHelper.swift in Sources */,
				BB5E9160297DB2A300DC7467 /* HalfRoundedView.swift in Sources */,
				BBC84684297EFF1E002493A5 /* BottomTabBar.swift in Sources */,
				BBA83E7729779E3A00536FF9 /* FaceConstants.swift in Sources */,
				BB7BC14E2974FC9200D34695 /* ChatTableView.swift in Sources */,
				BB04B3F5296E2FC4000BEC02 /* UIImage+GIF.swift in Sources */,
			);
			runOnlyForDeploymentPostprocessing = 0;
		};
		BB0DBAB9296AA50000D2DFB9 /* Sources */ = {
			isa = PBXSourcesBuildPhase;
			buildActionMask = 2147483647;
			files = (
				BBD65BDE2970655D001F730C /* Intro3ViewController.swift in Sources */,
				BBD65BEA29706F2C001F730C /* Intro1ViewController.swift in Sources */,
				BBA83E7829779E3A00536FF9 /* FaceConstants.swift in Sources */,
				BBD65BE229706A02001F730C /* MainNavigationViewController.swift in Sources */,
				BB04B3F6296E2FC4000BEC02 /* UIImage+GIF.swift in Sources */,
				BB0DBAC2296AA50000D2DFB9 /* ChitChatTests.swift in Sources */,
			);
			runOnlyForDeploymentPostprocessing = 0;
		};
		BB0DBAC3296AA50000D2DFB9 /* Sources */ = {
			isa = PBXSourcesBuildPhase;
			buildActionMask = 2147483647;
			files = (
				BBA83E7929779E3A00536FF9 /* FaceConstants.swift in Sources */,
				BBD65BE329706A02001F730C /* MainNavigationViewController.swift in Sources */,
				BB0DBACE296AA50000D2DFB9 /* ChitChatUITestsLaunchTests.swift in Sources */,
				BBD65BDF2970655D001F730C /* Intro3ViewController.swift in Sources */,
				BBD65BEB29706F2C001F730C /* Intro1ViewController.swift in Sources */,
				BB0DBACC296AA50000D2DFB9 /* ChitChatUITests.swift in Sources */,
				BB04B3F7296E2FC4000BEC02 /* UIImage+GIF.swift in Sources */,
			);
			runOnlyForDeploymentPostprocessing = 0;
		};
/* End PBXSourcesBuildPhase section */

/* Begin PBXTargetDependency section */
		BB0DBABF296AA50000D2DFB9 /* PBXTargetDependency */ = {
			isa = PBXTargetDependency;
			target = BB0DBAA3296AA4FE00D2DFB9 /* ChitChat */;
			targetProxy = BB0DBABE296AA50000D2DFB9 /* PBXContainerItemProxy */;
		};
		BB0DBAC9296AA50000D2DFB9 /* PBXTargetDependency */ = {
			isa = PBXTargetDependency;
			target = BB0DBAA3296AA4FE00D2DFB9 /* ChitChat */;
			targetProxy = BB0DBAC8296AA50000D2DFB9 /* PBXContainerItemProxy */;
		};
/* End PBXTargetDependency section */

/* Begin PBXVariantGroup section */
		BB0DBAAD296AA4FE00D2DFB9 /* Main.storyboard */ = {
			isa = PBXVariantGroup;
			children = (
				BB0DBAAE296AA4FE00D2DFB9 /* Base */,
			);
			name = Main.storyboard;
			sourceTree = "<group>";
		};
		BB0DBAB5296AA50000D2DFB9 /* LaunchScreen.storyboard */ = {
			isa = PBXVariantGroup;
			children = (
				BB0DBAB6296AA50000D2DFB9 /* Base */,
			);
			name = LaunchScreen.storyboard;
			sourceTree = "<group>";
		};
/* End PBXVariantGroup section */

/* Begin XCBuildConfiguration section */
		BB0DBACF296AA50000D2DFB9 /* Debug */ = {
			isa = XCBuildConfiguration;
			buildSettings = {
				ALWAYS_SEARCH_USER_PATHS = NO;
				CLANG_ANALYZER_NONNULL = YES;
				CLANG_ANALYZER_NUMBER_OBJECT_CONVERSION = YES_AGGRESSIVE;
				CLANG_CXX_LANGUAGE_STANDARD = "gnu++20";
				CLANG_ENABLE_MODULES = YES;
				CLANG_ENABLE_OBJC_ARC = YES;
				CLANG_ENABLE_OBJC_WEAK = YES;
				CLANG_WARN_BLOCK_CAPTURE_AUTORELEASING = YES;
				CLANG_WARN_BOOL_CONVERSION = YES;
				CLANG_WARN_COMMA = YES;
				CLANG_WARN_CONSTANT_CONVERSION = YES;
				CLANG_WARN_DEPRECATED_OBJC_IMPLEMENTATIONS = YES;
				CLANG_WARN_DIRECT_OBJC_ISA_USAGE = YES_ERROR;
				CLANG_WARN_DOCUMENTATION_COMMENTS = YES;
				CLANG_WARN_EMPTY_BODY = YES;
				CLANG_WARN_ENUM_CONVERSION = YES;
				CLANG_WARN_INFINITE_RECURSION = YES;
				CLANG_WARN_INT_CONVERSION = YES;
				CLANG_WARN_NON_LITERAL_NULL_CONVERSION = YES;
				CLANG_WARN_OBJC_IMPLICIT_RETAIN_SELF = YES;
				CLANG_WARN_OBJC_LITERAL_CONVERSION = YES;
				CLANG_WARN_OBJC_ROOT_CLASS = YES_ERROR;
				CLANG_WARN_QUOTED_INCLUDE_IN_FRAMEWORK_HEADER = YES;
				CLANG_WARN_RANGE_LOOP_ANALYSIS = YES;
				CLANG_WARN_STRICT_PROTOTYPES = YES;
				CLANG_WARN_SUSPICIOUS_MOVE = YES;
				CLANG_WARN_UNGUARDED_AVAILABILITY = YES_AGGRESSIVE;
				CLANG_WARN_UNREACHABLE_CODE = YES;
				CLANG_WARN__DUPLICATE_METHOD_MATCH = YES;
				COPY_PHASE_STRIP = NO;
				DEBUG_INFORMATION_FORMAT = dwarf;
				ENABLE_STRICT_OBJC_MSGSEND = YES;
				ENABLE_TESTABILITY = YES;
				GCC_C_LANGUAGE_STANDARD = gnu11;
				GCC_DYNAMIC_NO_PIC = NO;
				GCC_NO_COMMON_BLOCKS = YES;
				GCC_OPTIMIZATION_LEVEL = 0;
				GCC_PREPROCESSOR_DEFINITIONS = (
					"DEBUG=1",
					"$(inherited)",
				);
				GCC_WARN_64_TO_32_BIT_CONVERSION = YES;
				GCC_WARN_ABOUT_RETURN_TYPE = YES_ERROR;
				GCC_WARN_UNDECLARED_SELECTOR = YES;
				GCC_WARN_UNINITIALIZED_AUTOS = YES_AGGRESSIVE;
				GCC_WARN_UNUSED_FUNCTION = YES;
				GCC_WARN_UNUSED_VARIABLE = YES;
				IPHONEOS_DEPLOYMENT_TARGET = 16.2;
				MTL_ENABLE_DEBUG_INFO = INCLUDE_SOURCE;
				MTL_FAST_MATH = YES;
				ONLY_ACTIVE_ARCH = YES;
				SDKROOT = iphoneos;
				SWIFT_ACTIVE_COMPILATION_CONDITIONS = DEBUG;
				SWIFT_OPTIMIZATION_LEVEL = "-Onone";
			};
			name = Debug;
		};
		BB0DBAD0296AA50000D2DFB9 /* Release */ = {
			isa = XCBuildConfiguration;
			buildSettings = {
				ALWAYS_SEARCH_USER_PATHS = NO;
				CLANG_ANALYZER_NONNULL = YES;
				CLANG_ANALYZER_NUMBER_OBJECT_CONVERSION = YES_AGGRESSIVE;
				CLANG_CXX_LANGUAGE_STANDARD = "gnu++20";
				CLANG_ENABLE_MODULES = YES;
				CLANG_ENABLE_OBJC_ARC = YES;
				CLANG_ENABLE_OBJC_WEAK = YES;
				CLANG_WARN_BLOCK_CAPTURE_AUTORELEASING = YES;
				CLANG_WARN_BOOL_CONVERSION = YES;
				CLANG_WARN_COMMA = YES;
				CLANG_WARN_CONSTANT_CONVERSION = YES;
				CLANG_WARN_DEPRECATED_OBJC_IMPLEMENTATIONS = YES;
				CLANG_WARN_DIRECT_OBJC_ISA_USAGE = YES_ERROR;
				CLANG_WARN_DOCUMENTATION_COMMENTS = YES;
				CLANG_WARN_EMPTY_BODY = YES;
				CLANG_WARN_ENUM_CONVERSION = YES;
				CLANG_WARN_INFINITE_RECURSION = YES;
				CLANG_WARN_INT_CONVERSION = YES;
				CLANG_WARN_NON_LITERAL_NULL_CONVERSION = YES;
				CLANG_WARN_OBJC_IMPLICIT_RETAIN_SELF = YES;
				CLANG_WARN_OBJC_LITERAL_CONVERSION = YES;
				CLANG_WARN_OBJC_ROOT_CLASS = YES_ERROR;
				CLANG_WARN_QUOTED_INCLUDE_IN_FRAMEWORK_HEADER = YES;
				CLANG_WARN_RANGE_LOOP_ANALYSIS = YES;
				CLANG_WARN_STRICT_PROTOTYPES = YES;
				CLANG_WARN_SUSPICIOUS_MOVE = YES;
				CLANG_WARN_UNGUARDED_AVAILABILITY = YES_AGGRESSIVE;
				CLANG_WARN_UNREACHABLE_CODE = YES;
				CLANG_WARN__DUPLICATE_METHOD_MATCH = YES;
				COPY_PHASE_STRIP = NO;
				DEBUG_INFORMATION_FORMAT = "dwarf-with-dsym";
				ENABLE_NS_ASSERTIONS = NO;
				ENABLE_STRICT_OBJC_MSGSEND = YES;
				GCC_C_LANGUAGE_STANDARD = gnu11;
				GCC_NO_COMMON_BLOCKS = YES;
				GCC_WARN_64_TO_32_BIT_CONVERSION = YES;
				GCC_WARN_ABOUT_RETURN_TYPE = YES_ERROR;
				GCC_WARN_UNDECLARED_SELECTOR = YES;
				GCC_WARN_UNINITIALIZED_AUTOS = YES_AGGRESSIVE;
				GCC_WARN_UNUSED_FUNCTION = YES;
				GCC_WARN_UNUSED_VARIABLE = YES;
				IPHONEOS_DEPLOYMENT_TARGET = 16.2;
				MTL_ENABLE_DEBUG_INFO = NO;
				MTL_FAST_MATH = YES;
				SDKROOT = iphoneos;
				SWIFT_COMPILATION_MODE = wholemodule;
				SWIFT_OPTIMIZATION_LEVEL = "-O";
				VALIDATE_PRODUCT = YES;
			};
			name = Release;
		};
		BB0DBAD2296AA50000D2DFB9 /* Debug */ = {
			isa = XCBuildConfiguration;
			buildSettings = {
				ASSETCATALOG_COMPILER_APPICON_NAME = AppIcon;
				ASSETCATALOG_COMPILER_GLOBAL_ACCENT_COLOR_NAME = AccentColor;
				CODE_SIGN_STYLE = Automatic;
				CURRENT_PROJECT_VERSION = 19;
				DEVELOPMENT_TEAM = WNCN9TJFT3;
				GENERATE_INFOPLIST_FILE = YES;
				INFOPLIST_FILE = ChitChat/Info.plist;
				INFOPLIST_KEY_CFBundleDisplayName = WriteSmith;
				INFOPLIST_KEY_LSApplicationCategoryType = "public.app-category.productivity";
				INFOPLIST_KEY_UIApplicationSupportsIndirectInputEvents = YES;
				INFOPLIST_KEY_UILaunchStoryboardName = LaunchScreen;
				INFOPLIST_KEY_UIMainStoryboardFile = Main;
				INFOPLIST_KEY_UISupportedInterfaceOrientations = UIInterfaceOrientationPortrait;
				IPHONEOS_DEPLOYMENT_TARGET = 15.0;
				LD_RUNPATH_SEARCH_PATHS = (
					"$(inherited)",
					"@executable_path/Frameworks",
				);
				LIBRARY_SEARCH_PATHS = (
					"$(inherited)",
					"$(PROJECT_DIR)/ChitChat/Tenjin",
				);
				MARKETING_VERSION = 2.4;
				OTHER_LDFLAGS = "-ObjC";
				PRODUCT_BUNDLE_IDENTIFIER = com.acapplications.ChitChat;
				PRODUCT_NAME = "$(TARGET_NAME)";
				SUPPORTED_PLATFORMS = "iphoneos iphonesimulator";
				SUPPORTS_MACCATALYST = NO;
				SUPPORTS_MAC_DESIGNED_FOR_IPHONE_IPAD = YES;
				SWIFT_EMIT_LOC_STRINGS = YES;
				SWIFT_OBJC_BRIDGING_HEADER = "/Users/alexcoundouriotis/Xcode Projects/ChitChat/ChitChat/Tenjin/chitchat-client-bridge.h";
				SWIFT_VERSION = 5.0;
				TARGETED_DEVICE_FAMILY = 1;
			};
			name = Debug;
		};
		BB0DBAD3296AA50000D2DFB9 /* Release */ = {
			isa = XCBuildConfiguration;
			buildSettings = {
				ASSETCATALOG_COMPILER_APPICON_NAME = AppIcon;
				ASSETCATALOG_COMPILER_GLOBAL_ACCENT_COLOR_NAME = AccentColor;
				CODE_SIGN_STYLE = Automatic;
				CURRENT_PROJECT_VERSION = 19;
				DEVELOPMENT_TEAM = WNCN9TJFT3;
				GENERATE_INFOPLIST_FILE = YES;
				INFOPLIST_FILE = ChitChat/Info.plist;
				INFOPLIST_KEY_CFBundleDisplayName = WriteSmith;
				INFOPLIST_KEY_LSApplicationCategoryType = "public.app-category.productivity";
				INFOPLIST_KEY_UIApplicationSupportsIndirectInputEvents = YES;
				INFOPLIST_KEY_UILaunchStoryboardName = LaunchScreen;
				INFOPLIST_KEY_UIMainStoryboardFile = Main;
				INFOPLIST_KEY_UISupportedInterfaceOrientations = UIInterfaceOrientationPortrait;
				IPHONEOS_DEPLOYMENT_TARGET = 15.0;
				LD_RUNPATH_SEARCH_PATHS = (
					"$(inherited)",
					"@executable_path/Frameworks",
				);
				LIBRARY_SEARCH_PATHS = (
					"$(inherited)",
					"$(PROJECT_DIR)/ChitChat/Tenjin",
				);
				MARKETING_VERSION = 2.4;
				OTHER_LDFLAGS = "-ObjC";
				PRODUCT_BUNDLE_IDENTIFIER = com.acapplications.ChitChat;
				PRODUCT_NAME = "$(TARGET_NAME)";
				SUPPORTED_PLATFORMS = "iphoneos iphonesimulator";
				SUPPORTS_MACCATALYST = NO;
				SUPPORTS_MAC_DESIGNED_FOR_IPHONE_IPAD = YES;
				SWIFT_EMIT_LOC_STRINGS = YES;
				SWIFT_OBJC_BRIDGING_HEADER = "/Users/alexcoundouriotis/Xcode Projects/ChitChat/ChitChat/Tenjin/chitchat-client-bridge.h";
				SWIFT_VERSION = 5.0;
				TARGETED_DEVICE_FAMILY = 1;
			};
			name = Release;
		};
		BB0DBAD5296AA50000D2DFB9 /* Debug */ = {
			isa = XCBuildConfiguration;
			buildSettings = {
				ALWAYS_EMBED_SWIFT_STANDARD_LIBRARIES = YES;
				BUNDLE_LOADER = "$(TEST_HOST)";
				CODE_SIGN_STYLE = Automatic;
				CURRENT_PROJECT_VERSION = 1;
				GENERATE_INFOPLIST_FILE = YES;
				IPHONEOS_DEPLOYMENT_TARGET = 16.2;
				LIBRARY_SEARCH_PATHS = (
					"$(inherited)",
					"$(PROJECT_DIR)/ChitChat/Tenjin",
				);
				MARKETING_VERSION = 1.0;
				PRODUCT_BUNDLE_IDENTIFIER = com.acapplications.ChitChatTests;
				PRODUCT_NAME = "$(TARGET_NAME)";
				SWIFT_EMIT_LOC_STRINGS = NO;
				SWIFT_VERSION = 5.0;
				TARGETED_DEVICE_FAMILY = "1,2";
				TEST_HOST = "$(BUILT_PRODUCTS_DIR)/ChitChat.app/$(BUNDLE_EXECUTABLE_FOLDER_PATH)/ChitChat";
			};
			name = Debug;
		};
		BB0DBAD6296AA50000D2DFB9 /* Release */ = {
			isa = XCBuildConfiguration;
			buildSettings = {
				ALWAYS_EMBED_SWIFT_STANDARD_LIBRARIES = YES;
				BUNDLE_LOADER = "$(TEST_HOST)";
				CODE_SIGN_STYLE = Automatic;
				CURRENT_PROJECT_VERSION = 1;
				GENERATE_INFOPLIST_FILE = YES;
				IPHONEOS_DEPLOYMENT_TARGET = 16.2;
				LIBRARY_SEARCH_PATHS = (
					"$(inherited)",
					"$(PROJECT_DIR)/ChitChat/Tenjin",
				);
				MARKETING_VERSION = 1.0;
				PRODUCT_BUNDLE_IDENTIFIER = com.acapplications.ChitChatTests;
				PRODUCT_NAME = "$(TARGET_NAME)";
				SWIFT_EMIT_LOC_STRINGS = NO;
				SWIFT_VERSION = 5.0;
				TARGETED_DEVICE_FAMILY = "1,2";
				TEST_HOST = "$(BUILT_PRODUCTS_DIR)/ChitChat.app/$(BUNDLE_EXECUTABLE_FOLDER_PATH)/ChitChat";
			};
			name = Release;
		};
		BB0DBAD8296AA50000D2DFB9 /* Debug */ = {
			isa = XCBuildConfiguration;
			buildSettings = {
				ALWAYS_EMBED_SWIFT_STANDARD_LIBRARIES = YES;
				CODE_SIGN_STYLE = Automatic;
				CURRENT_PROJECT_VERSION = 1;
				GENERATE_INFOPLIST_FILE = YES;
				LIBRARY_SEARCH_PATHS = (
					"$(inherited)",
					"$(PROJECT_DIR)/ChitChat/Tenjin",
				);
				MARKETING_VERSION = 1.0;
				PRODUCT_BUNDLE_IDENTIFIER = com.acapplications.ChitChatUITests;
				PRODUCT_NAME = "$(TARGET_NAME)";
				SWIFT_EMIT_LOC_STRINGS = NO;
				SWIFT_VERSION = 5.0;
				TARGETED_DEVICE_FAMILY = "1,2";
				TEST_TARGET_NAME = ChitChat;
			};
			name = Debug;
		};
		BB0DBAD9296AA50000D2DFB9 /* Release */ = {
			isa = XCBuildConfiguration;
			buildSettings = {
				ALWAYS_EMBED_SWIFT_STANDARD_LIBRARIES = YES;
				CODE_SIGN_STYLE = Automatic;
				CURRENT_PROJECT_VERSION = 1;
				GENERATE_INFOPLIST_FILE = YES;
				LIBRARY_SEARCH_PATHS = (
					"$(inherited)",
					"$(PROJECT_DIR)/ChitChat/Tenjin",
				);
				MARKETING_VERSION = 1.0;
				PRODUCT_BUNDLE_IDENTIFIER = com.acapplications.ChitChatUITests;
				PRODUCT_NAME = "$(TARGET_NAME)";
				SWIFT_EMIT_LOC_STRINGS = NO;
				SWIFT_VERSION = 5.0;
				TARGETED_DEVICE_FAMILY = "1,2";
				TEST_TARGET_NAME = ChitChat;
			};
			name = Release;
		};
/* End XCBuildConfiguration section */

/* Begin XCConfigurationList section */
		BB0DBA9F296AA4FE00D2DFB9 /* Build configuration list for PBXProject "ChitChat" */ = {
			isa = XCConfigurationList;
			buildConfigurations = (
				BB0DBACF296AA50000D2DFB9 /* Debug */,
				BB0DBAD0296AA50000D2DFB9 /* Release */,
			);
			defaultConfigurationIsVisible = 0;
			defaultConfigurationName = Release;
		};
		BB0DBAD1296AA50000D2DFB9 /* Build configuration list for PBXNativeTarget "ChitChat" */ = {
			isa = XCConfigurationList;
			buildConfigurations = (
				BB0DBAD2296AA50000D2DFB9 /* Debug */,
				BB0DBAD3296AA50000D2DFB9 /* Release */,
			);
			defaultConfigurationIsVisible = 0;
			defaultConfigurationName = Release;
		};
		BB0DBAD4296AA50000D2DFB9 /* Build configuration list for PBXNativeTarget "ChitChatTests" */ = {
			isa = XCConfigurationList;
			buildConfigurations = (
				BB0DBAD5296AA50000D2DFB9 /* Debug */,
				BB0DBAD6296AA50000D2DFB9 /* Release */,
			);
			defaultConfigurationIsVisible = 0;
			defaultConfigurationName = Release;
		};
		BB0DBAD7296AA50000D2DFB9 /* Build configuration list for PBXNativeTarget "ChitChatUITests" */ = {
			isa = XCConfigurationList;
			buildConfigurations = (
				BB0DBAD8296AA50000D2DFB9 /* Debug */,
				BB0DBAD9296AA50000D2DFB9 /* Release */,
			);
			defaultConfigurationIsVisible = 0;
			defaultConfigurationName = Release;
		};
/* End XCConfigurationList section */

/* Begin XCRemoteSwiftPackageReference section */
		BB720C91296B1EAD00BEA070 /* XCRemoteSwiftPackageReference "MessageKit" */ = {
			isa = XCRemoteSwiftPackageReference;
			repositoryURL = "https://github.com/MessageKit/MessageKit";
			requirement = {
				kind = upToNextMajorVersion;
				minimumVersion = 4.0.0;
			};
		};
		BBEA8A22296E88C100DF37F8 /* XCRemoteSwiftPackageReference "swift-package-manager-google-mobile-ads" */ = {
			isa = XCRemoteSwiftPackageReference;
			repositoryURL = "https://github.com/googleads/swift-package-manager-google-mobile-ads.git";
			requirement = {
				kind = upToNextMajorVersion;
				minimumVersion = 9.0.0;
			};
		};
/* End XCRemoteSwiftPackageReference section */

/* Begin XCSwiftPackageProductDependency section */
		BB720C92296B1EAD00BEA070 /* MessageKit */ = {
			isa = XCSwiftPackageProductDependency;
			package = BB720C91296B1EAD00BEA070 /* XCRemoteSwiftPackageReference "MessageKit" */;
			productName = MessageKit;
		};
		BBEA8A23296E88C100DF37F8 /* GoogleMobileAds */ = {
			isa = XCSwiftPackageProductDependency;
			package = BBEA8A22296E88C100DF37F8 /* XCRemoteSwiftPackageReference "swift-package-manager-google-mobile-ads" */;
			productName = GoogleMobileAds;
		};
/* End XCSwiftPackageProductDependency section */

/* Begin XCVersionGroup section */
		BB0DBAB0296AA4FE00D2DFB9 /* ChitChat.xcdatamodeld */ = {
			isa = XCVersionGroup;
			children = (
				BB0DBAB1296AA4FE00D2DFB9 /* ChitChat.xcdatamodel */,
			);
			currentVersion = BB0DBAB1296AA4FE00D2DFB9 /* ChitChat.xcdatamodel */;
			path = ChitChat.xcdatamodeld;
			sourceTree = "<group>";
			versionGroupType = wrapper.xcdatamodel;
		};
/* End XCVersionGroup section */
	};
	rootObject = BB0DBA9C296AA4FE00D2DFB9 /* Project object */;
}
