// !$*UTF8*$!
{
	archiveVersion = 1;
	classes = {
	};
	objectVersion = 56;
	objects = {

/* Begin PBXBuildFile section */
		BB74D3C82AE3769C00EC7579 /* WriteSmith_SwiftUIApp.swift in Sources */ = {isa = PBXBuildFile; fileRef = BB74D3C72AE3769C00EC7579 /* WriteSmith_SwiftUIApp.swift */; };
		BB74D3CA2AE3769C00EC7579 /* ContentView.swift in Sources */ = {isa = PBXBuildFile; fileRef = BB74D3C92AE3769C00EC7579 /* ContentView.swift */; };
		BB74D3CC2AE3769D00EC7579 /* Assets.xcassets in Resources */ = {isa = PBXBuildFile; fileRef = BB74D3CB2AE3769D00EC7579 /* Assets.xcassets */; };
		BB74D3CF2AE3769D00EC7579 /* Preview Assets.xcassets in Resources */ = {isa = PBXBuildFile; fileRef = BB74D3CE2AE3769D00EC7579 /* Preview Assets.xcassets */; };
		BB74D3D12AE3769D00EC7579 /* Persistence.swift in Sources */ = {isa = PBXBuildFile; fileRef = BB74D3D02AE3769D00EC7579 /* Persistence.swift */; };
		BB74D3D42AE3769D00EC7579 /* WriteSmith_SwiftUI.xcdatamodeld in Sources */ = {isa = PBXBuildFile; fileRef = BB74D3D22AE3769D00EC7579 /* WriteSmith_SwiftUI.xcdatamodeld */; };
		BB74D3DE2AE3769E00EC7579 /* WriteSmith_SwiftUITests.swift in Sources */ = {isa = PBXBuildFile; fileRef = BB74D3DD2AE3769E00EC7579 /* WriteSmith_SwiftUITests.swift */; };
		BB74D3E82AE3769E00EC7579 /* WriteSmith_SwiftUIUITests.swift in Sources */ = {isa = PBXBuildFile; fileRef = BB74D3E72AE3769E00EC7579 /* WriteSmith_SwiftUIUITests.swift */; };
		BB74D3EA2AE3769E00EC7579 /* WriteSmith_SwiftUIUITestsLaunchTests.swift in Sources */ = {isa = PBXBuildFile; fileRef = BB74D3E92AE3769E00EC7579 /* WriteSmith_SwiftUIUITestsLaunchTests.swift */; };
/* End PBXBuildFile section */

/* Begin PBXContainerItemProxy section */
		BB74D3DA2AE3769E00EC7579 /* PBXContainerItemProxy */ = {
			isa = PBXContainerItemProxy;
			containerPortal = BB74D3BC2AE3769C00EC7579 /* Project object */;
			proxyType = 1;
			remoteGlobalIDString = BB74D3C32AE3769C00EC7579;
			remoteInfo = "WriteSmith-SwiftUI";
		};
		BB74D3E42AE3769E00EC7579 /* PBXContainerItemProxy */ = {
			isa = PBXContainerItemProxy;
			containerPortal = BB74D3BC2AE3769C00EC7579 /* Project object */;
			proxyType = 1;
			remoteGlobalIDString = BB74D3C32AE3769C00EC7579;
			remoteInfo = "WriteSmith-SwiftUI";
		};
/* End PBXContainerItemProxy section */

/* Begin PBXFileReference section */
		BB74D3C42AE3769C00EC7579 /* WriteSmith-SwiftUI.app */ = {isa = PBXFileReference; explicitFileType = wrapper.application; includeInIndex = 0; path = "WriteSmith-SwiftUI.app"; sourceTree = BUILT_PRODUCTS_DIR; };
		BB74D3C72AE3769C00EC7579 /* WriteSmith_SwiftUIApp.swift */ = {isa = PBXFileReference; lastKnownFileType = sourcecode.swift; path = WriteSmith_SwiftUIApp.swift; sourceTree = "<group>"; };
		BB74D3C92AE3769C00EC7579 /* ContentView.swift */ = {isa = PBXFileReference; lastKnownFileType = sourcecode.swift; path = ContentView.swift; sourceTree = "<group>"; };
		BB74D3CB2AE3769D00EC7579 /* Assets.xcassets */ = {isa = PBXFileReference; lastKnownFileType = folder.assetcatalog; path = Assets.xcassets; sourceTree = "<group>"; };
		BB74D3CE2AE3769D00EC7579 /* Preview Assets.xcassets */ = {isa = PBXFileReference; lastKnownFileType = folder.assetcatalog; path = "Preview Assets.xcassets"; sourceTree = "<group>"; };
		BB74D3D02AE3769D00EC7579 /* Persistence.swift */ = {isa = PBXFileReference; lastKnownFileType = sourcecode.swift; path = Persistence.swift; sourceTree = "<group>"; };
		BB74D3D32AE3769D00EC7579 /* WriteSmith_SwiftUI.xcdatamodel */ = {isa = PBXFileReference; lastKnownFileType = wrapper.xcdatamodel; path = WriteSmith_SwiftUI.xcdatamodel; sourceTree = "<group>"; };
		BB74D3D92AE3769E00EC7579 /* WriteSmith-SwiftUITests.xctest */ = {isa = PBXFileReference; explicitFileType = wrapper.cfbundle; includeInIndex = 0; path = "WriteSmith-SwiftUITests.xctest"; sourceTree = BUILT_PRODUCTS_DIR; };
		BB74D3DD2AE3769E00EC7579 /* WriteSmith_SwiftUITests.swift */ = {isa = PBXFileReference; lastKnownFileType = sourcecode.swift; path = WriteSmith_SwiftUITests.swift; sourceTree = "<group>"; };
		BB74D3E32AE3769E00EC7579 /* WriteSmith-SwiftUIUITests.xctest */ = {isa = PBXFileReference; explicitFileType = wrapper.cfbundle; includeInIndex = 0; path = "WriteSmith-SwiftUIUITests.xctest"; sourceTree = BUILT_PRODUCTS_DIR; };
		BB74D3E72AE3769E00EC7579 /* WriteSmith_SwiftUIUITests.swift */ = {isa = PBXFileReference; lastKnownFileType = sourcecode.swift; path = WriteSmith_SwiftUIUITests.swift; sourceTree = "<group>"; };
		BB74D3E92AE3769E00EC7579 /* WriteSmith_SwiftUIUITestsLaunchTests.swift */ = {isa = PBXFileReference; lastKnownFileType = sourcecode.swift; path = WriteSmith_SwiftUIUITestsLaunchTests.swift; sourceTree = "<group>"; };
/* End PBXFileReference section */

/* Begin PBXFrameworksBuildPhase section */
		BB74D3C12AE3769C00EC7579 /* Frameworks */ = {
			isa = PBXFrameworksBuildPhase;
			buildActionMask = 2147483647;
			files = (
			);
			runOnlyForDeploymentPostprocessing = 0;
		};
		BB74D3D62AE3769E00EC7579 /* Frameworks */ = {
			isa = PBXFrameworksBuildPhase;
			buildActionMask = 2147483647;
			files = (
			);
			runOnlyForDeploymentPostprocessing = 0;
		};
		BB74D3E02AE3769E00EC7579 /* Frameworks */ = {
			isa = PBXFrameworksBuildPhase;
			buildActionMask = 2147483647;
			files = (
			);
			runOnlyForDeploymentPostprocessing = 0;
		};
/* End PBXFrameworksBuildPhase section */

/* Begin PBXGroup section */
		BB74D3BB2AE3769C00EC7579 = {
			isa = PBXGroup;
			children = (
				BB74D3C62AE3769C00EC7579 /* WriteSmith-SwiftUI */,
				BB74D3DC2AE3769E00EC7579 /* WriteSmith-SwiftUITests */,
				BB74D3E62AE3769E00EC7579 /* WriteSmith-SwiftUIUITests */,
				BB74D3C52AE3769C00EC7579 /* Products */,
			);
			sourceTree = "<group>";
		};
		BB74D3C52AE3769C00EC7579 /* Products */ = {
			isa = PBXGroup;
			children = (
				BB74D3C42AE3769C00EC7579 /* WriteSmith-SwiftUI.app */,
				BB74D3D92AE3769E00EC7579 /* WriteSmith-SwiftUITests.xctest */,
				BB74D3E32AE3769E00EC7579 /* WriteSmith-SwiftUIUITests.xctest */,
			);
			name = Products;
			sourceTree = "<group>";
		};
		BB74D3C62AE3769C00EC7579 /* WriteSmith-SwiftUI */ = {
			isa = PBXGroup;
			children = (
				BB74D3C72AE3769C00EC7579 /* WriteSmith_SwiftUIApp.swift */,
				BB74D3C92AE3769C00EC7579 /* ContentView.swift */,
				BB74D3CB2AE3769D00EC7579 /* Assets.xcassets */,
				BB74D3D02AE3769D00EC7579 /* Persistence.swift */,
				BB74D3D22AE3769D00EC7579 /* WriteSmith_SwiftUI.xcdatamodeld */,
				BB74D3CD2AE3769D00EC7579 /* Preview Content */,
			);
			path = "WriteSmith-SwiftUI";
			sourceTree = "<group>";
		};
		BB74D3CD2AE3769D00EC7579 /* Preview Content */ = {
			isa = PBXGroup;
			children = (
				BB74D3CE2AE3769D00EC7579 /* Preview Assets.xcassets */,
			);
			path = "Preview Content";
			sourceTree = "<group>";
		};
		BB74D3DC2AE3769E00EC7579 /* WriteSmith-SwiftUITests */ = {
			isa = PBXGroup;
			children = (
				BB74D3DD2AE3769E00EC7579 /* WriteSmith_SwiftUITests.swift */,
			);
			path = "WriteSmith-SwiftUITests";
			sourceTree = "<group>";
		};
		BB74D3E62AE3769E00EC7579 /* WriteSmith-SwiftUIUITests */ = {
			isa = PBXGroup;
			children = (
				BB74D3E72AE3769E00EC7579 /* WriteSmith_SwiftUIUITests.swift */,
				BB74D3E92AE3769E00EC7579 /* WriteSmith_SwiftUIUITestsLaunchTests.swift */,
			);
			path = "WriteSmith-SwiftUIUITests";
			sourceTree = "<group>";
		};
/* End PBXGroup section */

/* Begin PBXNativeTarget section */
		BB74D3C32AE3769C00EC7579 /* WriteSmith-SwiftUI */ = {
			isa = PBXNativeTarget;
			buildConfigurationList = BB74D3ED2AE3769E00EC7579 /* Build configuration list for PBXNativeTarget "WriteSmith-SwiftUI" */;
			buildPhases = (
				BB74D3C02AE3769C00EC7579 /* Sources */,
				BB74D3C12AE3769C00EC7579 /* Frameworks */,
				BB74D3C22AE3769C00EC7579 /* Resources */,
			);
			buildRules = (
			);
			dependencies = (
			);
			name = "WriteSmith-SwiftUI";
			productName = "WriteSmith-SwiftUI";
			productReference = BB74D3C42AE3769C00EC7579 /* WriteSmith-SwiftUI.app */;
			productType = "com.apple.product-type.application";
		};
		BB74D3D82AE3769E00EC7579 /* WriteSmith-SwiftUITests */ = {
			isa = PBXNativeTarget;
			buildConfigurationList = BB74D3F02AE3769E00EC7579 /* Build configuration list for PBXNativeTarget "WriteSmith-SwiftUITests" */;
			buildPhases = (
				BB74D3D52AE3769E00EC7579 /* Sources */,
				BB74D3D62AE3769E00EC7579 /* Frameworks */,
				BB74D3D72AE3769E00EC7579 /* Resources */,
			);
			buildRules = (
			);
			dependencies = (
				BB74D3DB2AE3769E00EC7579 /* PBXTargetDependency */,
			);
			name = "WriteSmith-SwiftUITests";
			productName = "WriteSmith-SwiftUITests";
			productReference = BB74D3D92AE3769E00EC7579 /* WriteSmith-SwiftUITests.xctest */;
			productType = "com.apple.product-type.bundle.unit-test";
		};
		BB74D3E22AE3769E00EC7579 /* WriteSmith-SwiftUIUITests */ = {
			isa = PBXNativeTarget;
			buildConfigurationList = BB74D3F32AE3769E00EC7579 /* Build configuration list for PBXNativeTarget "WriteSmith-SwiftUIUITests" */;
			buildPhases = (
				BB74D3DF2AE3769E00EC7579 /* Sources */,
				BB74D3E02AE3769E00EC7579 /* Frameworks */,
				BB74D3E12AE3769E00EC7579 /* Resources */,
			);
			buildRules = (
			);
			dependencies = (
				BB74D3E52AE3769E00EC7579 /* PBXTargetDependency */,
			);
			name = "WriteSmith-SwiftUIUITests";
			productName = "WriteSmith-SwiftUIUITests";
			productReference = BB74D3E32AE3769E00EC7579 /* WriteSmith-SwiftUIUITests.xctest */;
			productType = "com.apple.product-type.bundle.ui-testing";
		};
/* End PBXNativeTarget section */

/* Begin PBXProject section */
		BB74D3BC2AE3769C00EC7579 /* Project object */ = {
			isa = PBXProject;
			attributes = {
				BuildIndependentTargetsInParallel = 1;
				LastSwiftUpdateCheck = 1500;
				LastUpgradeCheck = 1500;
				TargetAttributes = {
					BB74D3C32AE3769C00EC7579 = {
						CreatedOnToolsVersion = 15.0.1;
					};
					BB74D3D82AE3769E00EC7579 = {
						CreatedOnToolsVersion = 15.0.1;
						TestTargetID = BB74D3C32AE3769C00EC7579;
					};
					BB74D3E22AE3769E00EC7579 = {
						CreatedOnToolsVersion = 15.0.1;
						TestTargetID = BB74D3C32AE3769C00EC7579;
					};
				};
			};
			buildConfigurationList = BB74D3BF2AE3769C00EC7579 /* Build configuration list for PBXProject "WriteSmith-SwiftUI" */;
			compatibilityVersion = "Xcode 14.0";
			developmentRegion = en;
			hasScannedForEncodings = 0;
			knownRegions = (
				en,
				Base,
			);
			mainGroup = BB74D3BB2AE3769C00EC7579;
			productRefGroup = BB74D3C52AE3769C00EC7579 /* Products */;
			projectDirPath = "";
			projectRoot = "";
			targets = (
				BB74D3C32AE3769C00EC7579 /* WriteSmith-SwiftUI */,
				BB74D3D82AE3769E00EC7579 /* WriteSmith-SwiftUITests */,
				BB74D3E22AE3769E00EC7579 /* WriteSmith-SwiftUIUITests */,
			);
		};
/* End PBXProject section */

/* Begin PBXResourcesBuildPhase section */
		BB74D3C22AE3769C00EC7579 /* Resources */ = {
			isa = PBXResourcesBuildPhase;
			buildActionMask = 2147483647;
			files = (
				BB74D3CF2AE3769D00EC7579 /* Preview Assets.xcassets in Resources */,
				BB74D3CC2AE3769D00EC7579 /* Assets.xcassets in Resources */,
			);
			runOnlyForDeploymentPostprocessing = 0;
		};
		BB74D3D72AE3769E00EC7579 /* Resources */ = {
			isa = PBXResourcesBuildPhase;
			buildActionMask = 2147483647;
			files = (
			);
			runOnlyForDeploymentPostprocessing = 0;
		};
		BB74D3E12AE3769E00EC7579 /* Resources */ = {
			isa = PBXResourcesBuildPhase;
			buildActionMask = 2147483647;
			files = (
			);
			runOnlyForDeploymentPostprocessing = 0;
		};
/* End PBXResourcesBuildPhase section */

/* Begin PBXSourcesBuildPhase section */
		BB74D3C02AE3769C00EC7579 /* Sources */ = {
			isa = PBXSourcesBuildPhase;
			buildActionMask = 2147483647;
			files = (
				BB74D3D12AE3769D00EC7579 /* Persistence.swift in Sources */,
				BB74D3D42AE3769D00EC7579 /* WriteSmith_SwiftUI.xcdatamodeld in Sources */,
				BB74D3CA2AE3769C00EC7579 /* ContentView.swift in Sources */,
				BB74D3C82AE3769C00EC7579 /* WriteSmith_SwiftUIApp.swift in Sources */,
			);
			runOnlyForDeploymentPostprocessing = 0;
		};
		BB74D3D52AE3769E00EC7579 /* Sources */ = {
			isa = PBXSourcesBuildPhase;
			buildActionMask = 2147483647;
			files = (
				BB74D3DE2AE3769E00EC7579 /* WriteSmith_SwiftUITests.swift in Sources */,
			);
			runOnlyForDeploymentPostprocessing = 0;
		};
		BB74D3DF2AE3769E00EC7579 /* Sources */ = {
			isa = PBXSourcesBuildPhase;
			buildActionMask = 2147483647;
			files = (
				BB74D3EA2AE3769E00EC7579 /* WriteSmith_SwiftUIUITestsLaunchTests.swift in Sources */,
				BB74D3E82AE3769E00EC7579 /* WriteSmith_SwiftUIUITests.swift in Sources */,
			);
			runOnlyForDeploymentPostprocessing = 0;
		};
/* End PBXSourcesBuildPhase section */

/* Begin PBXTargetDependency section */
		BB74D3DB2AE3769E00EC7579 /* PBXTargetDependency */ = {
			isa = PBXTargetDependency;
			target = BB74D3C32AE3769C00EC7579 /* WriteSmith-SwiftUI */;
			targetProxy = BB74D3DA2AE3769E00EC7579 /* PBXContainerItemProxy */;
		};
		BB74D3E52AE3769E00EC7579 /* PBXTargetDependency */ = {
			isa = PBXTargetDependency;
			target = BB74D3C32AE3769C00EC7579 /* WriteSmith-SwiftUI */;
			targetProxy = BB74D3E42AE3769E00EC7579 /* PBXContainerItemProxy */;
		};
/* End PBXTargetDependency section */

/* Begin XCBuildConfiguration section */
		BB74D3EB2AE3769E00EC7579 /* Debug */ = {
			isa = XCBuildConfiguration;
			buildSettings = {
				ALWAYS_SEARCH_USER_PATHS = NO;
				ASSETCATALOG_COMPILER_GENERATE_SWIFT_ASSET_SYMBOL_EXTENSIONS = YES;
				CLANG_ANALYZER_NONNULL = YES;
				CLANG_ANALYZER_NUMBER_OBJECT_CONVERSION = YES_AGGRESSIVE;
				CLANG_CXX_LANGUAGE_STANDARD = "gnu++20";
				CLANG_ENABLE_MODULES = YES;
				CLANG_ENABLE_OBJC_ARC = YES;
				CLANG_ENABLE_OBJC_WEAK = YES;
				CLANG_WARN_BLOCK_CAPTURE_AUTORELEASING = YES;
				CLANG_WARN_BOOL_CONVERSION = YES;
				CLANG_WARN_COMMA = YES;
				CLANG_WARN_CONSTANT_CONVERSION = YES;
				CLANG_WARN_DEPRECATED_OBJC_IMPLEMENTATIONS = YES;
				CLANG_WARN_DIRECT_OBJC_ISA_USAGE = YES_ERROR;
				CLANG_WARN_DOCUMENTATION_COMMENTS = YES;
				CLANG_WARN_EMPTY_BODY = YES;
				CLANG_WARN_ENUM_CONVERSION = YES;
				CLANG_WARN_INFINITE_RECURSION = YES;
				CLANG_WARN_INT_CONVERSION = YES;
				CLANG_WARN_NON_LITERAL_NULL_CONVERSION = YES;
				CLANG_WARN_OBJC_IMPLICIT_RETAIN_SELF = YES;
				CLANG_WARN_OBJC_LITERAL_CONVERSION = YES;
				CLANG_WARN_OBJC_ROOT_CLASS = YES_ERROR;
				CLANG_WARN_QUOTED_INCLUDE_IN_FRAMEWORK_HEADER = YES;
				CLANG_WARN_RANGE_LOOP_ANALYSIS = YES;
				CLANG_WARN_STRICT_PROTOTYPES = YES;
				CLANG_WARN_SUSPICIOUS_MOVE = YES;
				CLANG_WARN_UNGUARDED_AVAILABILITY = YES_AGGRESSIVE;
				CLANG_WARN_UNREACHABLE_CODE = YES;
				CLANG_WARN__DUPLICATE_METHOD_MATCH = YES;
				COPY_PHASE_STRIP = NO;
				DEBUG_INFORMATION_FORMAT = dwarf;
				ENABLE_STRICT_OBJC_MSGSEND = YES;
				ENABLE_TESTABILITY = YES;
				ENABLE_USER_SCRIPT_SANDBOXING = YES;
				GCC_C_LANGUAGE_STANDARD = gnu17;
				GCC_DYNAMIC_NO_PIC = NO;
				GCC_NO_COMMON_BLOCKS = YES;
				GCC_OPTIMIZATION_LEVEL = 0;
				GCC_PREPROCESSOR_DEFINITIONS = (
					"DEBUG=1",
					"$(inherited)",
				);
				GCC_WARN_64_TO_32_BIT_CONVERSION = YES;
				GCC_WARN_ABOUT_RETURN_TYPE = YES_ERROR;
				GCC_WARN_UNDECLARED_SELECTOR = YES;
				GCC_WARN_UNINITIALIZED_AUTOS = YES_AGGRESSIVE;
				GCC_WARN_UNUSED_FUNCTION = YES;
				GCC_WARN_UNUSED_VARIABLE = YES;
				IPHONEOS_DEPLOYMENT_TARGET = 17.0;
				LOCALIZATION_PREFERS_STRING_CATALOGS = YES;
				MTL_ENABLE_DEBUG_INFO = INCLUDE_SOURCE;
				MTL_FAST_MATH = YES;
				ONLY_ACTIVE_ARCH = YES;
				SDKROOT = iphoneos;
				SWIFT_ACTIVE_COMPILATION_CONDITIONS = "DEBUG $(inherited)";
				SWIFT_OPTIMIZATION_LEVEL = "-Onone";
			};
			name = Debug;
		};
		BB74D3EC2AE3769E00EC7579 /* Release */ = {
			isa = XCBuildConfiguration;
			buildSettings = {
				ALWAYS_SEARCH_USER_PATHS = NO;
				ASSETCATALOG_COMPILER_GENERATE_SWIFT_ASSET_SYMBOL_EXTENSIONS = YES;
				CLANG_ANALYZER_NONNULL = YES;
				CLANG_ANALYZER_NUMBER_OBJECT_CONVERSION = YES_AGGRESSIVE;
				CLANG_CXX_LANGUAGE_STANDARD = "gnu++20";
				CLANG_ENABLE_MODULES = YES;
				CLANG_ENABLE_OBJC_ARC = YES;
				CLANG_ENABLE_OBJC_WEAK = YES;
				CLANG_WARN_BLOCK_CAPTURE_AUTORELEASING = YES;
				CLANG_WARN_BOOL_CONVERSION = YES;
				CLANG_WARN_COMMA = YES;
				CLANG_WARN_CONSTANT_CONVERSION = YES;
				CLANG_WARN_DEPRECATED_OBJC_IMPLEMENTATIONS = YES;
				CLANG_WARN_DIRECT_OBJC_ISA_USAGE = YES_ERROR;
				CLANG_WARN_DOCUMENTATION_COMMENTS = YES;
				CLANG_WARN_EMPTY_BODY = YES;
				CLANG_WARN_ENUM_CONVERSION = YES;
				CLANG_WARN_INFINITE_RECURSION = YES;
				CLANG_WARN_INT_CONVERSION = YES;
				CLANG_WARN_NON_LITERAL_NULL_CONVERSION = YES;
				CLANG_WARN_OBJC_IMPLICIT_RETAIN_SELF = YES;
				CLANG_WARN_OBJC_LITERAL_CONVERSION = YES;
				CLANG_WARN_OBJC_ROOT_CLASS = YES_ERROR;
				CLANG_WARN_QUOTED_INCLUDE_IN_FRAMEWORK_HEADER = YES;
				CLANG_WARN_RANGE_LOOP_ANALYSIS = YES;
				CLANG_WARN_STRICT_PROTOTYPES = YES;
				CLANG_WARN_SUSPICIOUS_MOVE = YES;
				CLANG_WARN_UNGUARDED_AVAILABILITY = YES_AGGRESSIVE;
				CLANG_WARN_UNREACHABLE_CODE = YES;
				CLANG_WARN__DUPLICATE_METHOD_MATCH = YES;
				COPY_PHASE_STRIP = NO;
				DEBUG_INFORMATION_FORMAT = "dwarf-with-dsym";
				ENABLE_NS_ASSERTIONS = NO;
				ENABLE_STRICT_OBJC_MSGSEND = YES;
				ENABLE_USER_SCRIPT_SANDBOXING = YES;
				GCC_C_LANGUAGE_STANDARD = gnu17;
				GCC_NO_COMMON_BLOCKS = YES;
				GCC_WARN_64_TO_32_BIT_CONVERSION = YES;
				GCC_WARN_ABOUT_RETURN_TYPE = YES_ERROR;
				GCC_WARN_UNDECLARED_SELECTOR = YES;
				GCC_WARN_UNINITIALIZED_AUTOS = YES_AGGRESSIVE;
				GCC_WARN_UNUSED_FUNCTION = YES;
				GCC_WARN_UNUSED_VARIABLE = YES;
				IPHONEOS_DEPLOYMENT_TARGET = 17.0;
				LOCALIZATION_PREFERS_STRING_CATALOGS = YES;
				MTL_ENABLE_DEBUG_INFO = NO;
				MTL_FAST_MATH = YES;
				SDKROOT = iphoneos;
				SWIFT_COMPILATION_MODE = wholemodule;
				VALIDATE_PRODUCT = YES;
			};
			name = Release;
		};
		BB74D3EE2AE3769E00EC7579 /* Debug */ = {
			isa = XCBuildConfiguration;
			buildSettings = {
				ASSETCATALOG_COMPILER_APPICON_NAME = AppIcon;
				ASSETCATALOG_COMPILER_GLOBAL_ACCENT_COLOR_NAME = AccentColor;
				CODE_SIGN_STYLE = Automatic;
				CURRENT_PROJECT_VERSION = 1;
				DEVELOPMENT_ASSET_PATHS = "\"WriteSmith-SwiftUI/Preview Content\"";
				DEVELOPMENT_TEAM = WNCN9TJFT3;
				ENABLE_PREVIEWS = YES;
				GENERATE_INFOPLIST_FILE = YES;
				INFOPLIST_KEY_UIApplicationSceneManifest_Generation = YES;
				INFOPLIST_KEY_UIApplicationSupportsIndirectInputEvents = YES;
				INFOPLIST_KEY_UILaunchScreen_Generation = YES;
				INFOPLIST_KEY_UISupportedInterfaceOrientations_iPad = "UIInterfaceOrientationPortrait UIInterfaceOrientationPortraitUpsideDown UIInterfaceOrientationLandscapeLeft UIInterfaceOrientationLandscapeRight";
				INFOPLIST_KEY_UISupportedInterfaceOrientations_iPhone = "UIInterfaceOrientationPortrait UIInterfaceOrientationLandscapeLeft UIInterfaceOrientationLandscapeRight";
				LD_RUNPATH_SEARCH_PATHS = (
					"$(inherited)",
					"@executable_path/Frameworks",
				);
				MARKETING_VERSION = 1.0;
				PRODUCT_BUNDLE_IDENTIFIER = "com.acapplications.WriteSmith-SwiftUI";
				PRODUCT_NAME = "$(TARGET_NAME)";
				SWIFT_EMIT_LOC_STRINGS = YES;
				SWIFT_VERSION = 5.0;
				TARGETED_DEVICE_FAMILY = "1,2";
			};
			name = Debug;
		};
		BB74D3EF2AE3769E00EC7579 /* Release */ = {
			isa = XCBuildConfiguration;
			buildSettings = {
				ASSETCATALOG_COMPILER_APPICON_NAME = AppIcon;
				ASSETCATALOG_COMPILER_GLOBAL_ACCENT_COLOR_NAME = AccentColor;
				CODE_SIGN_STYLE = Automatic;
				CURRENT_PROJECT_VERSION = 1;
				DEVELOPMENT_ASSET_PATHS = "\"WriteSmith-SwiftUI/Preview Content\"";
				DEVELOPMENT_TEAM = WNCN9TJFT3;
				ENABLE_PREVIEWS = YES;
				GENERATE_INFOPLIST_FILE = YES;
				INFOPLIST_KEY_UIApplicationSceneManifest_Generation = YES;
				INFOPLIST_KEY_UIApplicationSupportsIndirectInputEvents = YES;
				INFOPLIST_KEY_UILaunchScreen_Generation = YES;
				INFOPLIST_KEY_UISupportedInterfaceOrientations_iPad = "UIInterfaceOrientationPortrait UIInterfaceOrientationPortraitUpsideDown UIInterfaceOrientationLandscapeLeft UIInterfaceOrientationLandscapeRight";
				INFOPLIST_KEY_UISupportedInterfaceOrientations_iPhone = "UIInterfaceOrientationPortrait UIInterfaceOrientationLandscapeLeft UIInterfaceOrientationLandscapeRight";
				LD_RUNPATH_SEARCH_PATHS = (
					"$(inherited)",
					"@executable_path/Frameworks",
				);
				MARKETING_VERSION = 1.0;
				PRODUCT_BUNDLE_IDENTIFIER = "com.acapplications.WriteSmith-SwiftUI";
				PRODUCT_NAME = "$(TARGET_NAME)";
				SWIFT_EMIT_LOC_STRINGS = YES;
				SWIFT_VERSION = 5.0;
				TARGETED_DEVICE_FAMILY = "1,2";
			};
			name = Release;
		};
		BB74D3F12AE3769E00EC7579 /* Debug */ = {
			isa = XCBuildConfiguration;
			buildSettings = {
				ALWAYS_EMBED_SWIFT_STANDARD_LIBRARIES = YES;
				BUNDLE_LOADER = "$(TEST_HOST)";
				CODE_SIGN_STYLE = Automatic;
				CURRENT_PROJECT_VERSION = 1;
				DEVELOPMENT_TEAM = WNCN9TJFT3;
				GENERATE_INFOPLIST_FILE = YES;
				IPHONEOS_DEPLOYMENT_TARGET = 17.0;
				MARKETING_VERSION = 1.0;
				PRODUCT_BUNDLE_IDENTIFIER = "com.acapplications.WriteSmith-SwiftUITests";
				PRODUCT_NAME = "$(TARGET_NAME)";
				SWIFT_EMIT_LOC_STRINGS = NO;
				SWIFT_VERSION = 5.0;
				TARGETED_DEVICE_FAMILY = "1,2";
				TEST_HOST = "$(BUILT_PRODUCTS_DIR)/WriteSmith-SwiftUI.app/$(BUNDLE_EXECUTABLE_FOLDER_PATH)/WriteSmith-SwiftUI";
			};
			name = Debug;
		};
		BB74D3F22AE3769E00EC7579 /* Release */ = {
			isa = XCBuildConfiguration;
			buildSettings = {
				ALWAYS_EMBED_SWIFT_STANDARD_LIBRARIES = YES;
				BUNDLE_LOADER = "$(TEST_HOST)";
				CODE_SIGN_STYLE = Automatic;
				CURRENT_PROJECT_VERSION = 1;
				DEVELOPMENT_TEAM = WNCN9TJFT3;
				GENERATE_INFOPLIST_FILE = YES;
				IPHONEOS_DEPLOYMENT_TARGET = 17.0;
				MARKETING_VERSION = 1.0;
				PRODUCT_BUNDLE_IDENTIFIER = "com.acapplications.WriteSmith-SwiftUITests";
				PRODUCT_NAME = "$(TARGET_NAME)";
				SWIFT_EMIT_LOC_STRINGS = NO;
				SWIFT_VERSION = 5.0;
				TARGETED_DEVICE_FAMILY = "1,2";
				TEST_HOST = "$(BUILT_PRODUCTS_DIR)/WriteSmith-SwiftUI.app/$(BUNDLE_EXECUTABLE_FOLDER_PATH)/WriteSmith-SwiftUI";
			};
			name = Release;
		};
		BB74D3F42AE3769E00EC7579 /* Debug */ = {
			isa = XCBuildConfiguration;
			buildSettings = {
				ALWAYS_EMBED_SWIFT_STANDARD_LIBRARIES = YES;
				CODE_SIGN_STYLE = Automatic;
				CURRENT_PROJECT_VERSION = 1;
				DEVELOPMENT_TEAM = WNCN9TJFT3;
				GENERATE_INFOPLIST_FILE = YES;
				MARKETING_VERSION = 1.0;
				PRODUCT_BUNDLE_IDENTIFIER = "com.acapplications.WriteSmith-SwiftUIUITests";
				PRODUCT_NAME = "$(TARGET_NAME)";
				SWIFT_EMIT_LOC_STRINGS = NO;
				SWIFT_VERSION = 5.0;
				TARGETED_DEVICE_FAMILY = "1,2";
				TEST_TARGET_NAME = "WriteSmith-SwiftUI";
			};
			name = Debug;
		};
		BB74D3F52AE3769E00EC7579 /* Release */ = {
			isa = XCBuildConfiguration;
			buildSettings = {
				ALWAYS_EMBED_SWIFT_STANDARD_LIBRARIES = YES;
				CODE_SIGN_STYLE = Automatic;
				CURRENT_PROJECT_VERSION = 1;
				DEVELOPMENT_TEAM = WNCN9TJFT3;
				GENERATE_INFOPLIST_FILE = YES;
				MARKETING_VERSION = 1.0;
				PRODUCT_BUNDLE_IDENTIFIER = "com.acapplications.WriteSmith-SwiftUIUITests";
				PRODUCT_NAME = "$(TARGET_NAME)";
				SWIFT_EMIT_LOC_STRINGS = NO;
				SWIFT_VERSION = 5.0;
				TARGETED_DEVICE_FAMILY = "1,2";
				TEST_TARGET_NAME = "WriteSmith-SwiftUI";
			};
			name = Release;
		};
/* End XCBuildConfiguration section */

/* Begin XCConfigurationList section */
		BB74D3BF2AE3769C00EC7579 /* Build configuration list for PBXProject "WriteSmith-SwiftUI" */ = {
			isa = XCConfigurationList;
			buildConfigurations = (
				BB74D3EB2AE3769E00EC7579 /* Debug */,
				BB74D3EC2AE3769E00EC7579 /* Release */,
			);
			defaultConfigurationIsVisible = 0;
			defaultConfigurationName = Release;
		};
		BB74D3ED2AE3769E00EC7579 /* Build configuration list for PBXNativeTarget "WriteSmith-SwiftUI" */ = {
			isa = XCConfigurationList;
			buildConfigurations = (
				BB74D3EE2AE3769E00EC7579 /* Debug */,
				BB74D3EF2AE3769E00EC7579 /* Release */,
			);
			defaultConfigurationIsVisible = 0;
			defaultConfigurationName = Release;
		};
		BB74D3F02AE3769E00EC7579 /* Build configuration list for PBXNativeTarget "WriteSmith-SwiftUITests" */ = {
			isa = XCConfigurationList;
			buildConfigurations = (
				BB74D3F12AE3769E00EC7579 /* Debug */,
				BB74D3F22AE3769E00EC7579 /* Release */,
			);
			defaultConfigurationIsVisible = 0;
			defaultConfigurationName = Release;
		};
		BB74D3F32AE3769E00EC7579 /* Build configuration list for PBXNativeTarget "WriteSmith-SwiftUIUITests" */ = {
			isa = XCConfigurationList;
			buildConfigurations = (
				BB74D3F42AE3769E00EC7579 /* Debug */,
				BB74D3F52AE3769E00EC7579 /* Release */,
			);
			defaultConfigurationIsVisible = 0;
			defaultConfigurationName = Release;
		};
/* End XCConfigurationList section */

/* Begin XCVersionGroup section */
		BB74D3D22AE3769D00EC7579 /* WriteSmith_SwiftUI.xcdatamodeld */ = {
			isa = XCVersionGroup;
			children = (
				BB74D3D32AE3769D00EC7579 /* WriteSmith_SwiftUI.xcdatamodel */,
			);
			currentVersion = BB74D3D32AE3769D00EC7579 /* WriteSmith_SwiftUI.xcdatamodel */;
			path = WriteSmith_SwiftUI.xcdatamodeld;
			sourceTree = "<group>";
			versionGroupType = wrapper.xcdatamodel;
		};
/* End XCVersionGroup section */
	};
	rootObject = BB74D3BC2AE3769C00EC7579 /* Project object */;
}
